// !$*UTF8*$!
{
	archiveVersion = 1;
	classes = {
	};
	objectVersion = 56;
	objects = {

/* Begin PBXBuildFile section */
		CE1CE7162C086B87006F6468 /* Architecture in Frameworks */ = {isa = PBXBuildFile; productRef = CE1CE7152C086B87006F6468 /* Architecture */; };
		CE1EFC112BEA514A002EA59B /* Router in Frameworks */ = {isa = PBXBuildFile; productRef = CE1EFC102BEA514A002EA59B /* Router */; };
		CE258F162C6C9BCF00448302 /* TableDataSource.swift in Sources */ = {isa = PBXBuildFile; fileRef = CE258F152C6C9BCF00448302 /* TableDataSource.swift */; };
		CE258F182C6C9BE100448302 /* TableDelegate.swift in Sources */ = {isa = PBXBuildFile; fileRef = CE258F172C6C9BE100448302 /* TableDelegate.swift */; };
		CE258F1A2C6CA77400448302 /* TableCell.swift in Sources */ = {isa = PBXBuildFile; fileRef = CE258F192C6CA77400448302 /* TableCell.swift */; };
		CE258F1C2C6CA79600448302 /* Section.swift in Sources */ = {isa = PBXBuildFile; fileRef = CE258F1B2C6CA79600448302 /* Section.swift */; };
		CE258F202C6CA7C300448302 /* ContainerTableCell.swift in Sources */ = {isa = PBXBuildFile; fileRef = CE258F1F2C6CA7C300448302 /* ContainerTableCell.swift */; };
		CE4593112BE873640031FB59 /* TabBarVC.swift in Sources */ = {isa = PBXBuildFile; fileRef = CE4593102BE873640031FB59 /* TabBarVC.swift */; };
		CE4593222BE87BB30031FB59 /* StartFeature.swift in Sources */ = {isa = PBXBuildFile; fileRef = CE4593212BE87BB30031FB59 /* StartFeature.swift */; };
		CE4593252BE87C5E0031FB59 /* MainCoordinator.swift in Sources */ = {isa = PBXBuildFile; fileRef = CE4593242BE87C5E0031FB59 /* MainCoordinator.swift */; };
		CE4593272BE87C9D0031FB59 /* StartFlowCoordinator.swift in Sources */ = {isa = PBXBuildFile; fileRef = CE4593262BE87C9D0031FB59 /* StartFlowCoordinator.swift */; };
		CE4593292BE87D0C0031FB59 /* TabBarFlowCoordinator.swift in Sources */ = {isa = PBXBuildFile; fileRef = CE4593282BE87D0C0031FB59 /* TabBarFlowCoordinator.swift */; };
		CE45932B2BE87D880031FB59 /* TabBarFeature.swift in Sources */ = {isa = PBXBuildFile; fileRef = CE45932A2BE87D880031FB59 /* TabBarFeature.swift */; };
		CE45932E2BE87E2A0031FB59 /* TabBarVCBuilder.swift in Sources */ = {isa = PBXBuildFile; fileRef = CE45932C2BE87E290031FB59 /* TabBarVCBuilder.swift */; };
		CE45932F2BE87E2A0031FB59 /* TabBarVCUpdater.swift in Sources */ = {isa = PBXBuildFile; fileRef = CE45932D2BE87E2A0031FB59 /* TabBarVCUpdater.swift */; };
		CE4593312BE8801C0031FB59 /* ProfileFeature.swift in Sources */ = {isa = PBXBuildFile; fileRef = CE4593302BE8801C0031FB59 /* ProfileFeature.swift */; };
		CE4593342BE884FE0031FB59 /* StartVC.swift in Sources */ = {isa = PBXBuildFile; fileRef = CE4593332BE884FE0031FB59 /* StartVC.swift */; };
		CE4593362BE8851F0031FB59 /* StartVCBuilder.swift in Sources */ = {isa = PBXBuildFile; fileRef = CE4593352BE8851F0031FB59 /* StartVCBuilder.swift */; };
		CE4593382BE885330031FB59 /* StartVCUpdater.swift in Sources */ = {isa = PBXBuildFile; fileRef = CE4593372BE885330031FB59 /* StartVCUpdater.swift */; };
		CE45933B2BE88C350031FB59 /* StartFlow.swift in Sources */ = {isa = PBXBuildFile; fileRef = CE45933A2BE88C350031FB59 /* StartFlow.swift */; };
		CE45933E2BE890E00031FB59 /* ProfileVC.swift in Sources */ = {isa = PBXBuildFile; fileRef = CE45933D2BE890E00031FB59 /* ProfileVC.swift */; };
		CE4593402BE890FA0031FB59 /* ProfileVCBuilder.swift in Sources */ = {isa = PBXBuildFile; fileRef = CE45933F2BE890FA0031FB59 /* ProfileVCBuilder.swift */; };
		CE4593422BE891190031FB59 /* ProfileVCUpdater.swift in Sources */ = {isa = PBXBuildFile; fileRef = CE4593412BE891190031FB59 /* ProfileVCUpdater.swift */; };
		CE45936C2BE8FE940031FB59 /* Router in Frameworks */ = {isa = PBXBuildFile; productRef = CE45936B2BE8FE940031FB59 /* Router */; };
		CE46CD422C0F0C6900A63F64 /* MainVCBuilder.swift in Sources */ = {isa = PBXBuildFile; fileRef = CE46CD412C0F0C6900A63F64 /* MainVCBuilder.swift */; };
		CE46CD442C0F0CA600A63F64 /* MainVCUpdater.swift in Sources */ = {isa = PBXBuildFile; fileRef = CE46CD432C0F0CA600A63F64 /* MainVCUpdater.swift */; };
		CE46CD472C0F0CEA00A63F64 /* MainFeature.swift in Sources */ = {isa = PBXBuildFile; fileRef = CE46CD462C0F0CEA00A63F64 /* MainFeature.swift */; };
		CE46CD4A2C0F116D00A63F64 /* MainTableDataSource.swift in Sources */ = {isa = PBXBuildFile; fileRef = CE46CD492C0F116D00A63F64 /* MainTableDataSource.swift */; };
		CE46CD4C2C0F11D300A63F64 /* MainTableDelegate.swift in Sources */ = {isa = PBXBuildFile; fileRef = CE46CD4B2C0F11D300A63F64 /* MainTableDelegate.swift */; };
		CE46CD502C0F161400A63F64 /* TabBarVCService.swift in Sources */ = {isa = PBXBuildFile; fileRef = CE46CD4E2C0F161400A63F64 /* TabBarVCService.swift */; };
		CE46CD552C0F166700A63F64 /* Extension + Strings.swift in Sources */ = {isa = PBXBuildFile; fileRef = CE46CD512C0F166700A63F64 /* Extension + Strings.swift */; };
		CE46CD562C0F166700A63F64 /* Extension + UIView.swift in Sources */ = {isa = PBXBuildFile; fileRef = CE46CD522C0F166700A63F64 /* Extension + UIView.swift */; };
		CE46CD572C0F166700A63F64 /* Extension + UIViewController.swift in Sources */ = {isa = PBXBuildFile; fileRef = CE46CD532C0F166700A63F64 /* Extension + UIViewController.swift */; };
		CE46CD5A2C0F226700A63F64 /* Extensions in Frameworks */ = {isa = PBXBuildFile; productRef = CE46CD592C0F226700A63F64 /* Extensions */; };
		CE46CD5D2C104B3100A63F64 /* TextFieldVC.swift in Sources */ = {isa = PBXBuildFile; fileRef = CE46CD5C2C104B3100A63F64 /* TextFieldVC.swift */; };
		CE46CD5F2C104B7600A63F64 /* TextFieldVCBuilder.swift in Sources */ = {isa = PBXBuildFile; fileRef = CE46CD5E2C104B7600A63F64 /* TextFieldVCBuilder.swift */; };
		CE46CD612C104BB800A63F64 /* TextFieldVCUpdater.swift in Sources */ = {isa = PBXBuildFile; fileRef = CE46CD602C104BB800A63F64 /* TextFieldVCUpdater.swift */; };
		CE46CD642C10883E00A63F64 /* TextFIeldFeature.swift in Sources */ = {isa = PBXBuildFile; fileRef = CE46CD632C10883E00A63F64 /* TextFIeldFeature.swift */; };
		CE46CD662C1091B000A63F64 /* TextFieldDelegate.swift in Sources */ = {isa = PBXBuildFile; fileRef = CE46CD652C1091B000A63F64 /* TextFieldDelegate.swift */; };
		CE6663CE2BE35AE700514E86 /* AppDelegate.swift in Sources */ = {isa = PBXBuildFile; fileRef = CE6663CD2BE35AE700514E86 /* AppDelegate.swift */; };
		CE6663D02BE35AE700514E86 /* SceneDelegate.swift in Sources */ = {isa = PBXBuildFile; fileRef = CE6663CF2BE35AE700514E86 /* SceneDelegate.swift */; };
		CE6663D72BE35AE900514E86 /* Assets.xcassets in Resources */ = {isa = PBXBuildFile; fileRef = CE6663D62BE35AE900514E86 /* Assets.xcassets */; };
		CE6663DA2BE35AE900514E86 /* Base in Resources */ = {isa = PBXBuildFile; fileRef = CE6663D92BE35AE900514E86 /* Base */; };
		CE6663E52BE35AE900514E86 /* ArchitectureTests.swift in Sources */ = {isa = PBXBuildFile; fileRef = CE6663E42BE35AE900514E86 /* ArchitectureTests.swift */; };
		CE6663EF2BE35AE900514E86 /* ArchitectureUITests.swift in Sources */ = {isa = PBXBuildFile; fileRef = CE6663EE2BE35AE900514E86 /* ArchitectureUITests.swift */; };
		CE6663F12BE35AE900514E86 /* ArchitectureUITestsLaunchTests.swift in Sources */ = {isa = PBXBuildFile; fileRef = CE6663F02BE35AE900514E86 /* ArchitectureUITestsLaunchTests.swift */; };
		CE6664062BE3605200514E86 /* Readme.md in Resources */ = {isa = PBXBuildFile; fileRef = CE6664052BE3605200514E86 /* Readme.md */; };
		CE66640D2BE3665D00514E86 /* Resolver in Frameworks */ = {isa = PBXBuildFile; productRef = CE66640C2BE3665D00514E86 /* Resolver */; };
		CE6664102BE3667800514E86 /* Dependency.swift in Sources */ = {isa = PBXBuildFile; fileRef = CE66640F2BE3667800514E86 /* Dependency.swift */; };
		CE668F8E2BEB585800827E64 /* Architecture in Frameworks */ = {isa = PBXBuildFile; productRef = CE668F8D2BEB585800827E64 /* Architecture */; };
		CE7C33302C49025E0077ABC1 /* Architecture in Frameworks */ = {isa = PBXBuildFile; productRef = CE7C332F2C49025E0077ABC1 /* Architecture */; };
		CE7C33332C490AB30077ABC1 /* BottomSheetService in Frameworks */ = {isa = PBXBuildFile; productRef = CE7C33322C490AB30077ABC1 /* BottomSheetService */; };
		CEAB43452C4A34A1001E4C7D /* MainFlow.swift in Sources */ = {isa = PBXBuildFile; fileRef = CEAB43442C4A34A1001E4C7D /* MainFlow.swift */; };
		CEAB43472C4A3688001E4C7D /* TextFieldFlowCoordinator.swift in Sources */ = {isa = PBXBuildFile; fileRef = CEAB43462C4A3688001E4C7D /* TextFieldFlowCoordinator.swift */; };
/* End PBXBuildFile section */

/* Begin PBXContainerItemProxy section */
		CE6663E12BE35AE900514E86 /* PBXContainerItemProxy */ = {
			isa = PBXContainerItemProxy;
			containerPortal = CE6663C22BE35AE700514E86 /* Project object */;
			proxyType = 1;
			remoteGlobalIDString = CE6663C92BE35AE700514E86;
			remoteInfo = Architecture;
		};
		CE6663EB2BE35AE900514E86 /* PBXContainerItemProxy */ = {
			isa = PBXContainerItemProxy;
			containerPortal = CE6663C22BE35AE700514E86 /* Project object */;
			proxyType = 1;
			remoteGlobalIDString = CE6663C92BE35AE700514E86;
			remoteInfo = Architecture;
		};
/* End PBXContainerItemProxy section */

/* Begin PBXFileReference section */
		CE258F152C6C9BCF00448302 /* TableDataSource.swift */ = {isa = PBXFileReference; lastKnownFileType = sourcecode.swift; path = TableDataSource.swift; sourceTree = "<group>"; };
		CE258F172C6C9BE100448302 /* TableDelegate.swift */ = {isa = PBXFileReference; lastKnownFileType = sourcecode.swift; path = TableDelegate.swift; sourceTree = "<group>"; };
		CE258F192C6CA77400448302 /* TableCell.swift */ = {isa = PBXFileReference; lastKnownFileType = sourcecode.swift; path = TableCell.swift; sourceTree = "<group>"; };
		CE258F1B2C6CA79600448302 /* Section.swift */ = {isa = PBXFileReference; lastKnownFileType = sourcecode.swift; path = Section.swift; sourceTree = "<group>"; };
		CE258F1F2C6CA7C300448302 /* ContainerTableCell.swift */ = {isa = PBXFileReference; lastKnownFileType = sourcecode.swift; path = ContainerTableCell.swift; sourceTree = "<group>"; };
		CE4593102BE873640031FB59 /* TabBarVC.swift */ = {isa = PBXFileReference; fileEncoding = 4; lastKnownFileType = sourcecode.swift; path = TabBarVC.swift; sourceTree = "<group>"; };
		CE4593212BE87BB30031FB59 /* StartFeature.swift */ = {isa = PBXFileReference; lastKnownFileType = sourcecode.swift; path = StartFeature.swift; sourceTree = "<group>"; };
		CE4593242BE87C5E0031FB59 /* MainCoordinator.swift */ = {isa = PBXFileReference; lastKnownFileType = sourcecode.swift; path = MainCoordinator.swift; sourceTree = "<group>"; };
		CE4593262BE87C9D0031FB59 /* StartFlowCoordinator.swift */ = {isa = PBXFileReference; lastKnownFileType = sourcecode.swift; path = StartFlowCoordinator.swift; sourceTree = "<group>"; };
		CE4593282BE87D0C0031FB59 /* TabBarFlowCoordinator.swift */ = {isa = PBXFileReference; lastKnownFileType = sourcecode.swift; path = TabBarFlowCoordinator.swift; sourceTree = "<group>"; };
		CE45932A2BE87D880031FB59 /* TabBarFeature.swift */ = {isa = PBXFileReference; lastKnownFileType = sourcecode.swift; path = TabBarFeature.swift; sourceTree = "<group>"; };
		CE45932C2BE87E290031FB59 /* TabBarVCBuilder.swift */ = {isa = PBXFileReference; fileEncoding = 4; lastKnownFileType = sourcecode.swift; path = TabBarVCBuilder.swift; sourceTree = "<group>"; };
		CE45932D2BE87E2A0031FB59 /* TabBarVCUpdater.swift */ = {isa = PBXFileReference; fileEncoding = 4; lastKnownFileType = sourcecode.swift; path = TabBarVCUpdater.swift; sourceTree = "<group>"; };
		CE4593302BE8801C0031FB59 /* ProfileFeature.swift */ = {isa = PBXFileReference; lastKnownFileType = sourcecode.swift; path = ProfileFeature.swift; sourceTree = "<group>"; };
		CE4593332BE884FE0031FB59 /* StartVC.swift */ = {isa = PBXFileReference; lastKnownFileType = sourcecode.swift; path = StartVC.swift; sourceTree = "<group>"; };
		CE4593352BE8851F0031FB59 /* StartVCBuilder.swift */ = {isa = PBXFileReference; lastKnownFileType = sourcecode.swift; path = StartVCBuilder.swift; sourceTree = "<group>"; };
		CE4593372BE885330031FB59 /* StartVCUpdater.swift */ = {isa = PBXFileReference; lastKnownFileType = sourcecode.swift; path = StartVCUpdater.swift; sourceTree = "<group>"; };
		CE45933A2BE88C350031FB59 /* StartFlow.swift */ = {isa = PBXFileReference; lastKnownFileType = sourcecode.swift; path = StartFlow.swift; sourceTree = "<group>"; };
		CE45933D2BE890E00031FB59 /* ProfileVC.swift */ = {isa = PBXFileReference; lastKnownFileType = sourcecode.swift; path = ProfileVC.swift; sourceTree = "<group>"; };
		CE45933F2BE890FA0031FB59 /* ProfileVCBuilder.swift */ = {isa = PBXFileReference; lastKnownFileType = sourcecode.swift; path = ProfileVCBuilder.swift; sourceTree = "<group>"; };
		CE4593412BE891190031FB59 /* ProfileVCUpdater.swift */ = {isa = PBXFileReference; lastKnownFileType = sourcecode.swift; path = ProfileVCUpdater.swift; sourceTree = "<group>"; };
		CE46CD412C0F0C6900A63F64 /* MainVCBuilder.swift */ = {isa = PBXFileReference; lastKnownFileType = sourcecode.swift; path = MainVCBuilder.swift; sourceTree = "<group>"; };
		CE46CD432C0F0CA600A63F64 /* MainVCUpdater.swift */ = {isa = PBXFileReference; lastKnownFileType = sourcecode.swift; path = MainVCUpdater.swift; sourceTree = "<group>"; };
		CE46CD462C0F0CEA00A63F64 /* MainFeature.swift */ = {isa = PBXFileReference; lastKnownFileType = sourcecode.swift; path = MainFeature.swift; sourceTree = "<group>"; };
		CE46CD492C0F116D00A63F64 /* MainTableDataSource.swift */ = {isa = PBXFileReference; lastKnownFileType = sourcecode.swift; path = MainTableDataSource.swift; sourceTree = "<group>"; };
		CE46CD4B2C0F11D300A63F64 /* MainTableDelegate.swift */ = {isa = PBXFileReference; lastKnownFileType = sourcecode.swift; path = MainTableDelegate.swift; sourceTree = "<group>"; };
		CE46CD4E2C0F161400A63F64 /* TabBarVCService.swift */ = {isa = PBXFileReference; fileEncoding = 4; lastKnownFileType = sourcecode.swift; path = TabBarVCService.swift; sourceTree = "<group>"; };
		CE46CD512C0F166700A63F64 /* Extension + Strings.swift */ = {isa = PBXFileReference; fileEncoding = 4; lastKnownFileType = sourcecode.swift; path = "Extension + Strings.swift"; sourceTree = "<group>"; };
		CE46CD522C0F166700A63F64 /* Extension + UIView.swift */ = {isa = PBXFileReference; fileEncoding = 4; lastKnownFileType = sourcecode.swift; path = "Extension + UIView.swift"; sourceTree = "<group>"; };
		CE46CD532C0F166700A63F64 /* Extension + UIViewController.swift */ = {isa = PBXFileReference; fileEncoding = 4; lastKnownFileType = sourcecode.swift; path = "Extension + UIViewController.swift"; sourceTree = "<group>"; };
		CE46CD5C2C104B3100A63F64 /* TextFieldVC.swift */ = {isa = PBXFileReference; lastKnownFileType = sourcecode.swift; path = TextFieldVC.swift; sourceTree = "<group>"; };
		CE46CD5E2C104B7600A63F64 /* TextFieldVCBuilder.swift */ = {isa = PBXFileReference; lastKnownFileType = sourcecode.swift; path = TextFieldVCBuilder.swift; sourceTree = "<group>"; };
		CE46CD602C104BB800A63F64 /* TextFieldVCUpdater.swift */ = {isa = PBXFileReference; lastKnownFileType = sourcecode.swift; path = TextFieldVCUpdater.swift; sourceTree = "<group>"; };
		CE46CD632C10883E00A63F64 /* TextFIeldFeature.swift */ = {isa = PBXFileReference; lastKnownFileType = sourcecode.swift; path = TextFIeldFeature.swift; sourceTree = "<group>"; };
		CE46CD652C1091B000A63F64 /* TextFieldDelegate.swift */ = {isa = PBXFileReference; lastKnownFileType = sourcecode.swift; path = TextFieldDelegate.swift; sourceTree = "<group>"; };
		CE6663CA2BE35AE700514E86 /* AbolArchitecture.app */ = {isa = PBXFileReference; explicitFileType = wrapper.application; includeInIndex = 0; path = AbolArchitecture.app; sourceTree = BUILT_PRODUCTS_DIR; };
		CE6663CD2BE35AE700514E86 /* AppDelegate.swift */ = {isa = PBXFileReference; lastKnownFileType = sourcecode.swift; path = AppDelegate.swift; sourceTree = "<group>"; };
		CE6663CF2BE35AE700514E86 /* SceneDelegate.swift */ = {isa = PBXFileReference; lastKnownFileType = sourcecode.swift; path = SceneDelegate.swift; sourceTree = "<group>"; };
		CE6663D62BE35AE900514E86 /* Assets.xcassets */ = {isa = PBXFileReference; lastKnownFileType = folder.assetcatalog; path = Assets.xcassets; sourceTree = "<group>"; };
		CE6663D92BE35AE900514E86 /* Base */ = {isa = PBXFileReference; lastKnownFileType = file.storyboard; name = Base; path = Base.lproj/LaunchScreen.storyboard; sourceTree = "<group>"; };
		CE6663DB2BE35AE900514E86 /* Info.plist */ = {isa = PBXFileReference; lastKnownFileType = text.plist.xml; path = Info.plist; sourceTree = "<group>"; };
		CE6663E02BE35AE900514E86 /* AbolArchitectureTests.xctest */ = {isa = PBXFileReference; explicitFileType = wrapper.cfbundle; includeInIndex = 0; path = AbolArchitectureTests.xctest; sourceTree = BUILT_PRODUCTS_DIR; };
		CE6663E42BE35AE900514E86 /* ArchitectureTests.swift */ = {isa = PBXFileReference; lastKnownFileType = sourcecode.swift; path = ArchitectureTests.swift; sourceTree = "<group>"; };
		CE6663EA2BE35AE900514E86 /* AbolArchitectureUITests.xctest */ = {isa = PBXFileReference; explicitFileType = wrapper.cfbundle; includeInIndex = 0; path = AbolArchitectureUITests.xctest; sourceTree = BUILT_PRODUCTS_DIR; };
		CE6663EE2BE35AE900514E86 /* ArchitectureUITests.swift */ = {isa = PBXFileReference; lastKnownFileType = sourcecode.swift; path = ArchitectureUITests.swift; sourceTree = "<group>"; };
		CE6663F02BE35AE900514E86 /* ArchitectureUITestsLaunchTests.swift */ = {isa = PBXFileReference; lastKnownFileType = sourcecode.swift; path = ArchitectureUITestsLaunchTests.swift; sourceTree = "<group>"; };
		CE6664052BE3605200514E86 /* Readme.md */ = {isa = PBXFileReference; fileEncoding = 4; lastKnownFileType = net.daringfireball.markdown; path = Readme.md; sourceTree = "<group>"; };
		CE66640F2BE3667800514E86 /* Dependency.swift */ = {isa = PBXFileReference; lastKnownFileType = sourcecode.swift; path = Dependency.swift; sourceTree = "<group>"; };
		CEAB43442C4A34A1001E4C7D /* MainFlow.swift */ = {isa = PBXFileReference; lastKnownFileType = sourcecode.swift; path = MainFlow.swift; sourceTree = "<group>"; };
		CEAB43462C4A3688001E4C7D /* TextFieldFlowCoordinator.swift */ = {isa = PBXFileReference; lastKnownFileType = sourcecode.swift; path = TextFieldFlowCoordinator.swift; sourceTree = "<group>"; };
/* End PBXFileReference section */

/* Begin PBXFrameworksBuildPhase section */
		CE6663C72BE35AE700514E86 /* Frameworks */ = {
			isa = PBXFrameworksBuildPhase;
			buildActionMask = 2147483647;
			files = (
				CE1EFC112BEA514A002EA59B /* Router in Frameworks */,
				CE7C33332C490AB30077ABC1 /* BottomSheetService in Frameworks */,
				CE66640D2BE3665D00514E86 /* Resolver in Frameworks */,
				CE1CE7162C086B87006F6468 /* Architecture in Frameworks */,
				CE45936C2BE8FE940031FB59 /* Router in Frameworks */,
				CE7C33302C49025E0077ABC1 /* Architecture in Frameworks */,
				CE668F8E2BEB585800827E64 /* Architecture in Frameworks */,
				CE46CD5A2C0F226700A63F64 /* Extensions in Frameworks */,
			);
			runOnlyForDeploymentPostprocessing = 0;
		};
		CE6663DD2BE35AE900514E86 /* Frameworks */ = {
			isa = PBXFrameworksBuildPhase;
			buildActionMask = 2147483647;
			files = (
			);
			runOnlyForDeploymentPostprocessing = 0;
		};
		CE6663E72BE35AE900514E86 /* Frameworks */ = {
			isa = PBXFrameworksBuildPhase;
			buildActionMask = 2147483647;
			files = (
			);
			runOnlyForDeploymentPostprocessing = 0;
		};
/* End PBXFrameworksBuildPhase section */

/* Begin PBXGroup section */
		CE258F132C6C9ADF00448302 /* New Group */ = {
			isa = PBXGroup;
			children = (
			);
			path = "New Group";
			sourceTree = "<group>";
		};
		CE258F142C6C9BB300448302 /* Table */ = {
			isa = PBXGroup;
			children = (
				CE258F152C6C9BCF00448302 /* TableDataSource.swift */,
				CE258F172C6C9BE100448302 /* TableDelegate.swift */,
				CE258F192C6CA77400448302 /* TableCell.swift */,
				CE258F1B2C6CA79600448302 /* Section.swift */,
				CE258F1F2C6CA7C300448302 /* ContainerTableCell.swift */,
			);
			path = Table;
			sourceTree = "<group>";
		};
		CE4593122BE873690031FB59 /* Screens */ = {
			isa = PBXGroup;
			children = (
				CE46CD5B2C104B0400A63F64 /* TextFIeld */,
				CE46CD3B2C0F0ADA00A63F64 /* Main */,
				CE45933C2BE890D40031FB59 /* Profile */,
				CE4593322BE884E90031FB59 /* Start */,
				CE45931B2BE877B50031FB59 /* TabBarVC */,
			);
			path = Screens;
			sourceTree = "<group>";
		};
		CE4593132BE876260031FB59 /* Frameworks */ = {
			isa = PBXGroup;
			children = (
			);
			name = Frameworks;
			sourceTree = "<group>";
		};
		CE45931B2BE877B50031FB59 /* TabBarVC */ = {
			isa = PBXGroup;
			children = (
				CE4593102BE873640031FB59 /* TabBarVC.swift */,
				CE45932C2BE87E290031FB59 /* TabBarVCBuilder.swift */,
				CE45932D2BE87E2A0031FB59 /* TabBarVCUpdater.swift */,
			);
			path = TabBarVC;
			sourceTree = "<group>";
		};
		CE4593202BE87B930031FB59 /* Features */ = {
			isa = PBXGroup;
			children = (
				CE46CD622C104D2C00A63F64 /* TextFIeld */,
				CE46CD452C0F0CDA00A63F64 /* MainFeature */,
				CE4593392BE88BF70031FB59 /* StartFeature */,
				CE45932A2BE87D880031FB59 /* TabBarFeature.swift */,
				CE4593302BE8801C0031FB59 /* ProfileFeature.swift */,
			);
			path = Features;
			sourceTree = "<group>";
		};
		CE4593232BE87C460031FB59 /* Coordinator */ = {
			isa = PBXGroup;
			children = (
				CE4593242BE87C5E0031FB59 /* MainCoordinator.swift */,
				CE4593262BE87C9D0031FB59 /* StartFlowCoordinator.swift */,
				CE4593282BE87D0C0031FB59 /* TabBarFlowCoordinator.swift */,
				CEAB43462C4A3688001E4C7D /* TextFieldFlowCoordinator.swift */,
			);
			path = Coordinator;
			sourceTree = "<group>";
		};
		CE4593322BE884E90031FB59 /* Start */ = {
			isa = PBXGroup;
			children = (
				CE4593332BE884FE0031FB59 /* StartVC.swift */,
				CE4593352BE8851F0031FB59 /* StartVCBuilder.swift */,
				CE4593372BE885330031FB59 /* StartVCUpdater.swift */,
			);
			path = Start;
			sourceTree = "<group>";
		};
		CE4593392BE88BF70031FB59 /* StartFeature */ = {
			isa = PBXGroup;
			children = (
				CE4593212BE87BB30031FB59 /* StartFeature.swift */,
				CE45933A2BE88C350031FB59 /* StartFlow.swift */,
			);
			path = StartFeature;
			sourceTree = "<group>";
		};
		CE45933C2BE890D40031FB59 /* Profile */ = {
			isa = PBXGroup;
			children = (
				CE45933D2BE890E00031FB59 /* ProfileVC.swift */,
				CE45933F2BE890FA0031FB59 /* ProfileVCBuilder.swift */,
				CE4593412BE891190031FB59 /* ProfileVCUpdater.swift */,
			);
			path = Profile;
			sourceTree = "<group>";
		};
		CE46CD3B2C0F0ADA00A63F64 /* Main */ = {
			isa = PBXGroup;
			children = (
				CE46CD412C0F0C6900A63F64 /* MainVCBuilder.swift */,
				CE46CD432C0F0CA600A63F64 /* MainVCUpdater.swift */,
				CE46CD492C0F116D00A63F64 /* MainTableDataSource.swift */,
				CE46CD4B2C0F11D300A63F64 /* MainTableDelegate.swift */,
			);
			path = Main;
			sourceTree = "<group>";
		};
		CE46CD452C0F0CDA00A63F64 /* MainFeature */ = {
			isa = PBXGroup;
			children = (
				CE46CD462C0F0CEA00A63F64 /* MainFeature.swift */,
				CEAB43442C4A34A1001E4C7D /* MainFlow.swift */,
			);
			path = MainFeature;
			sourceTree = "<group>";
		};
		CE46CD4D2C0F160400A63F64 /* Services */ = {
			isa = PBXGroup;
			children = (
				CE258F142C6C9BB300448302 /* Table */,
				CE46CD4F2C0F161400A63F64 /* TabBarService */,
			);
			path = Services;
			sourceTree = "<group>";
		};
		CE46CD4F2C0F161400A63F64 /* TabBarService */ = {
			isa = PBXGroup;
			children = (
				CE46CD4E2C0F161400A63F64 /* TabBarVCService.swift */,
			);
			path = TabBarService;
			sourceTree = "<group>";
		};
		CE46CD542C0F166700A63F64 /* Extensions */ = {
			isa = PBXGroup;
			children = (
				CE46CD512C0F166700A63F64 /* Extension + Strings.swift */,
				CE46CD522C0F166700A63F64 /* Extension + UIView.swift */,
				CE46CD532C0F166700A63F64 /* Extension + UIViewController.swift */,
			);
			path = Extensions;
			sourceTree = "<group>";
		};
		CE46CD5B2C104B0400A63F64 /* TextFIeld */ = {
			isa = PBXGroup;
			children = (
				CE46CD5C2C104B3100A63F64 /* TextFieldVC.swift */,
				CE46CD5E2C104B7600A63F64 /* TextFieldVCBuilder.swift */,
				CE46CD602C104BB800A63F64 /* TextFieldVCUpdater.swift */,
			);
			path = TextFIeld;
			sourceTree = "<group>";
		};
		CE46CD622C104D2C00A63F64 /* TextFIeld */ = {
			isa = PBXGroup;
			children = (
				CE46CD632C10883E00A63F64 /* TextFIeldFeature.swift */,
				CE46CD652C1091B000A63F64 /* TextFieldDelegate.swift */,
			);
			path = TextFIeld;
			sourceTree = "<group>";
		};
		CE6663C12BE35AE700514E86 = {
			isa = PBXGroup;
			children = (
				CE6663CC2BE35AE700514E86 /* AbolArchitecture */,
				CE6663E32BE35AE900514E86 /* ArchitectureTests */,
				CE6663ED2BE35AE900514E86 /* ArchitectureUITests */,
				CE6663CB2BE35AE700514E86 /* Products */,
				CE4593132BE876260031FB59 /* Frameworks */,
			);
			sourceTree = "<group>";
		};
		CE6663CB2BE35AE700514E86 /* Products */ = {
			isa = PBXGroup;
			children = (
				CE6663CA2BE35AE700514E86 /* AbolArchitecture.app */,
				CE6663E02BE35AE900514E86 /* AbolArchitectureTests.xctest */,
				CE6663EA2BE35AE900514E86 /* AbolArchitectureUITests.xctest */,
			);
			name = Products;
			sourceTree = "<group>";
		};
		CE6663CC2BE35AE700514E86 /* AbolArchitecture */ = {
			isa = PBXGroup;
			children = (
				CE258F132C6C9ADF00448302 /* New Group */,
				CE46CD542C0F166700A63F64 /* Extensions */,
				CE46CD4D2C0F160400A63F64 /* Services */,
				CE4593232BE87C460031FB59 /* Coordinator */,
				CE4593202BE87B930031FB59 /* Features */,
				CE4593122BE873690031FB59 /* Screens */,
				CE66640E2BE3666500514E86 /* DI */,
				CE6663FE2BE35B1F00514E86 /* Resources */,
				CE6663FD2BE35AFE00514E86 /* AppDelegate */,
				CE6663D82BE35AE900514E86 /* LaunchScreen.storyboard */,
			);
			path = AbolArchitecture;
			sourceTree = "<group>";
		};
		CE6663E32BE35AE900514E86 /* ArchitectureTests */ = {
			isa = PBXGroup;
			children = (
				CE6663E42BE35AE900514E86 /* ArchitectureTests.swift */,
			);
			path = ArchitectureTests;
			sourceTree = "<group>";
		};
		CE6663ED2BE35AE900514E86 /* ArchitectureUITests */ = {
			isa = PBXGroup;
			children = (
				CE6663EE2BE35AE900514E86 /* ArchitectureUITests.swift */,
				CE6663F02BE35AE900514E86 /* ArchitectureUITestsLaunchTests.swift */,
			);
			path = ArchitectureUITests;
			sourceTree = "<group>";
		};
		CE6663FD2BE35AFE00514E86 /* AppDelegate */ = {
			isa = PBXGroup;
			children = (
				CE6663CD2BE35AE700514E86 /* AppDelegate.swift */,
				CE6663CF2BE35AE700514E86 /* SceneDelegate.swift */,
			);
			path = AppDelegate;
			sourceTree = "<group>";
		};
		CE6663FE2BE35B1F00514E86 /* Resources */ = {
			isa = PBXGroup;
			children = (
				CE6664052BE3605200514E86 /* Readme.md */,
				CE6663DB2BE35AE900514E86 /* Info.plist */,
				CE6663D62BE35AE900514E86 /* Assets.xcassets */,
			);
			path = Resources;
			sourceTree = "<group>";
		};
		CE66640E2BE3666500514E86 /* DI */ = {
			isa = PBXGroup;
			children = (
				CE66640F2BE3667800514E86 /* Dependency.swift */,
			);
			path = DI;
			sourceTree = "<group>";
		};
/* End PBXGroup section */

/* Begin PBXNativeTarget section */
		CE6663C92BE35AE700514E86 /* AbolArchitecture */ = {
			isa = PBXNativeTarget;
			buildConfigurationList = CE6663F42BE35AE900514E86 /* Build configuration list for PBXNativeTarget "AbolArchitecture" */;
			buildPhases = (
				CE6663C62BE35AE700514E86 /* Sources */,
				CE6663C72BE35AE700514E86 /* Frameworks */,
				CE6663C82BE35AE700514E86 /* Resources */,
			);
			buildRules = (
			);
			dependencies = (
			);
			name = AbolArchitecture;
			packageProductDependencies = (
				CE66640C2BE3665D00514E86 /* Resolver */,
				CE45936B2BE8FE940031FB59 /* Router */,
				CE1EFC102BEA514A002EA59B /* Router */,
				CE668F8D2BEB585800827E64 /* Architecture */,
				CE1CE7152C086B87006F6468 /* Architecture */,
				CE46CD592C0F226700A63F64 /* Extensions */,
				CE7C332F2C49025E0077ABC1 /* Architecture */,
				CE7C33322C490AB30077ABC1 /* BottomSheetService */,
			);
			productName = Architecture;
			productReference = CE6663CA2BE35AE700514E86 /* AbolArchitecture.app */;
			productType = "com.apple.product-type.application";
		};
		CE6663DF2BE35AE900514E86 /* AbolArchitectureTests */ = {
			isa = PBXNativeTarget;
			buildConfigurationList = CE6663F72BE35AE900514E86 /* Build configuration list for PBXNativeTarget "AbolArchitectureTests" */;
			buildPhases = (
				CE6663DC2BE35AE900514E86 /* Sources */,
				CE6663DD2BE35AE900514E86 /* Frameworks */,
				CE6663DE2BE35AE900514E86 /* Resources */,
			);
			buildRules = (
			);
			dependencies = (
				CE6663E22BE35AE900514E86 /* PBXTargetDependency */,
			);
			name = AbolArchitectureTests;
			productName = ArchitectureTests;
			productReference = CE6663E02BE35AE900514E86 /* AbolArchitectureTests.xctest */;
			productType = "com.apple.product-type.bundle.unit-test";
		};
		CE6663E92BE35AE900514E86 /* AbolArchitectureUITests */ = {
			isa = PBXNativeTarget;
			buildConfigurationList = CE6663FA2BE35AE900514E86 /* Build configuration list for PBXNativeTarget "AbolArchitectureUITests" */;
			buildPhases = (
				CE6663E62BE35AE900514E86 /* Sources */,
				CE6663E72BE35AE900514E86 /* Frameworks */,
				CE6663E82BE35AE900514E86 /* Resources */,
			);
			buildRules = (
			);
			dependencies = (
				CE6663EC2BE35AE900514E86 /* PBXTargetDependency */,
			);
			name = AbolArchitectureUITests;
			productName = ArchitectureUITests;
			productReference = CE6663EA2BE35AE900514E86 /* AbolArchitectureUITests.xctest */;
			productType = "com.apple.product-type.bundle.ui-testing";
		};
/* End PBXNativeTarget section */

/* Begin PBXProject section */
		CE6663C22BE35AE700514E86 /* Project object */ = {
			isa = PBXProject;
			attributes = {
				BuildIndependentTargetsInParallel = 1;
				LastSwiftUpdateCheck = 1530;
				LastUpgradeCheck = 1530;
				TargetAttributes = {
					CE6663C92BE35AE700514E86 = {
						CreatedOnToolsVersion = 15.3;
					};
					CE6663DF2BE35AE900514E86 = {
						CreatedOnToolsVersion = 15.3;
						TestTargetID = CE6663C92BE35AE700514E86;
					};
					CE6663E92BE35AE900514E86 = {
						CreatedOnToolsVersion = 15.3;
						TestTargetID = CE6663C92BE35AE700514E86;
					};
				};
			};
			buildConfigurationList = CE6663C52BE35AE700514E86 /* Build configuration list for PBXProject "AbolArchitecture" */;
			compatibilityVersion = "Xcode 14.0";
			developmentRegion = en;
			hasScannedForEncodings = 0;
			knownRegions = (
				en,
				Base,
			);
			mainGroup = CE6663C12BE35AE700514E86;
			packageReferences = (
				CE66640B2BE3665D00514E86 /* XCRemoteSwiftPackageReference "Resolver" */,
				CE1EFC0F2BEA514A002EA59B /* XCRemoteSwiftPackageReference "ios-service-routing" */,
				CE46CD582C0F226700A63F64 /* XCRemoteSwiftPackageReference "ios-extensions" */,
				CE7C332E2C49025E0077ABC1 /* XCRemoteSwiftPackageReference "ios" */,
				CE7C33312C490AB30077ABC1 /* XCRemoteSwiftPackageReference "ios-resources-bottom-sheet" */,
			);
			productRefGroup = CE6663CB2BE35AE700514E86 /* Products */;
			projectDirPath = "";
			projectRoot = "";
			targets = (
				CE6663C92BE35AE700514E86 /* AbolArchitecture */,
				CE6663DF2BE35AE900514E86 /* AbolArchitectureTests */,
				CE6663E92BE35AE900514E86 /* AbolArchitectureUITests */,
			);
		};
/* End PBXProject section */

/* Begin PBXResourcesBuildPhase section */
		CE6663C82BE35AE700514E86 /* Resources */ = {
			isa = PBXResourcesBuildPhase;
			buildActionMask = 2147483647;
			files = (
				CE6663D72BE35AE900514E86 /* Assets.xcassets in Resources */,
				CE6663DA2BE35AE900514E86 /* Base in Resources */,
				CE6664062BE3605200514E86 /* Readme.md in Resources */,
			);
			runOnlyForDeploymentPostprocessing = 0;
		};
		CE6663DE2BE35AE900514E86 /* Resources */ = {
			isa = PBXResourcesBuildPhase;
			buildActionMask = 2147483647;
			files = (
			);
			runOnlyForDeploymentPostprocessing = 0;
		};
		CE6663E82BE35AE900514E86 /* Resources */ = {
			isa = PBXResourcesBuildPhase;
			buildActionMask = 2147483647;
			files = (
			);
			runOnlyForDeploymentPostprocessing = 0;
		};
/* End PBXResourcesBuildPhase section */

/* Begin PBXSourcesBuildPhase section */
		CE6663C62BE35AE700514E86 /* Sources */ = {
			isa = PBXSourcesBuildPhase;
			buildActionMask = 2147483647;
			files = (
				CE45933E2BE890E00031FB59 /* ProfileVC.swift in Sources */,
				CE45932E2BE87E2A0031FB59 /* TabBarVCBuilder.swift in Sources */,
				CE46CD4C2C0F11D300A63F64 /* MainTableDelegate.swift in Sources */,
				CE4593342BE884FE0031FB59 /* StartVC.swift in Sources */,
				CE45932F2BE87E2A0031FB59 /* TabBarVCUpdater.swift in Sources */,
				CE258F182C6C9BE100448302 /* TableDelegate.swift in Sources */,
				CE4593252BE87C5E0031FB59 /* MainCoordinator.swift in Sources */,
				CE46CD642C10883E00A63F64 /* TextFIeldFeature.swift in Sources */,
				CE258F162C6C9BCF00448302 /* TableDataSource.swift in Sources */,
				CE4593272BE87C9D0031FB59 /* StartFlowCoordinator.swift in Sources */,
				CE6663CE2BE35AE700514E86 /* AppDelegate.swift in Sources */,
				CE4593422BE891190031FB59 /* ProfileVCUpdater.swift in Sources */,
				CE46CD502C0F161400A63F64 /* TabBarVCService.swift in Sources */,
				CE4593382BE885330031FB59 /* StartVCUpdater.swift in Sources */,
				CE4593402BE890FA0031FB59 /* ProfileVCBuilder.swift in Sources */,
				CE46CD5F2C104B7600A63F64 /* TextFieldVCBuilder.swift in Sources */,
				CEAB43452C4A34A1001E4C7D /* MainFlow.swift in Sources */,
				CE4593362BE8851F0031FB59 /* StartVCBuilder.swift in Sources */,
				CE4593292BE87D0C0031FB59 /* TabBarFlowCoordinator.swift in Sources */,
				CEAB43472C4A3688001E4C7D /* TextFieldFlowCoordinator.swift in Sources */,
				CE258F1A2C6CA77400448302 /* TableCell.swift in Sources */,
				CE46CD612C104BB800A63F64 /* TextFieldVCUpdater.swift in Sources */,
				CE4593112BE873640031FB59 /* TabBarVC.swift in Sources */,
				CE46CD422C0F0C6900A63F64 /* MainVCBuilder.swift in Sources */,
				CE46CD442C0F0CA600A63F64 /* MainVCUpdater.swift in Sources */,
				CE46CD4A2C0F116D00A63F64 /* MainTableDataSource.swift in Sources */,
				CE46CD552C0F166700A63F64 /* Extension + Strings.swift in Sources */,
				CE46CD472C0F0CEA00A63F64 /* MainFeature.swift in Sources */,
				CE46CD5D2C104B3100A63F64 /* TextFieldVC.swift in Sources */,
				CE6664102BE3667800514E86 /* Dependency.swift in Sources */,
				CE258F202C6CA7C300448302 /* ContainerTableCell.swift in Sources */,
				CE4593312BE8801C0031FB59 /* ProfileFeature.swift in Sources */,
				CE46CD662C1091B000A63F64 /* TextFieldDelegate.swift in Sources */,
				CE4593222BE87BB30031FB59 /* StartFeature.swift in Sources */,
				CE258F1C2C6CA79600448302 /* Section.swift in Sources */,
				CE46CD562C0F166700A63F64 /* Extension + UIView.swift in Sources */,
				CE46CD572C0F166700A63F64 /* Extension + UIViewController.swift in Sources */,
				CE45933B2BE88C350031FB59 /* StartFlow.swift in Sources */,
				CE45932B2BE87D880031FB59 /* TabBarFeature.swift in Sources */,
				CE6663D02BE35AE700514E86 /* SceneDelegate.swift in Sources */,
			);
			runOnlyForDeploymentPostprocessing = 0;
		};
		CE6663DC2BE35AE900514E86 /* Sources */ = {
			isa = PBXSourcesBuildPhase;
			buildActionMask = 2147483647;
			files = (
				CE6663E52BE35AE900514E86 /* ArchitectureTests.swift in Sources */,
			);
			runOnlyForDeploymentPostprocessing = 0;
		};
		CE6663E62BE35AE900514E86 /* Sources */ = {
			isa = PBXSourcesBuildPhase;
			buildActionMask = 2147483647;
			files = (
				CE6663EF2BE35AE900514E86 /* ArchitectureUITests.swift in Sources */,
				CE6663F12BE35AE900514E86 /* ArchitectureUITestsLaunchTests.swift in Sources */,
			);
			runOnlyForDeploymentPostprocessing = 0;
		};
/* End PBXSourcesBuildPhase section */

/* Begin PBXTargetDependency section */
		CE6663E22BE35AE900514E86 /* PBXTargetDependency */ = {
			isa = PBXTargetDependency;
			target = CE6663C92BE35AE700514E86 /* AbolArchitecture */;
			targetProxy = CE6663E12BE35AE900514E86 /* PBXContainerItemProxy */;
		};
		CE6663EC2BE35AE900514E86 /* PBXTargetDependency */ = {
			isa = PBXTargetDependency;
			target = CE6663C92BE35AE700514E86 /* AbolArchitecture */;
			targetProxy = CE6663EB2BE35AE900514E86 /* PBXContainerItemProxy */;
		};
/* End PBXTargetDependency section */

/* Begin PBXVariantGroup section */
		CE6663D82BE35AE900514E86 /* LaunchScreen.storyboard */ = {
			isa = PBXVariantGroup;
			children = (
				CE6663D92BE35AE900514E86 /* Base */,
			);
			name = LaunchScreen.storyboard;
			sourceTree = "<group>";
		};
/* End PBXVariantGroup section */

/* Begin XCBuildConfiguration section */
		CE6663F22BE35AE900514E86 /* Debug */ = {
			isa = XCBuildConfiguration;
			buildSettings = {
				ALWAYS_SEARCH_USER_PATHS = NO;
				ASSETCATALOG_COMPILER_GENERATE_SWIFT_ASSET_SYMBOL_EXTENSIONS = YES;
				CLANG_ANALYZER_NONNULL = YES;
				CLANG_ANALYZER_NUMBER_OBJECT_CONVERSION = YES_AGGRESSIVE;
				CLANG_CXX_LANGUAGE_STANDARD = "gnu++20";
				CLANG_ENABLE_MODULES = YES;
				CLANG_ENABLE_OBJC_ARC = YES;
				CLANG_ENABLE_OBJC_WEAK = YES;
				CLANG_WARN_BLOCK_CAPTURE_AUTORELEASING = YES;
				CLANG_WARN_BOOL_CONVERSION = YES;
				CLANG_WARN_COMMA = YES;
				CLANG_WARN_CONSTANT_CONVERSION = YES;
				CLANG_WARN_DEPRECATED_OBJC_IMPLEMENTATIONS = YES;
				CLANG_WARN_DIRECT_OBJC_ISA_USAGE = YES_ERROR;
				CLANG_WARN_DOCUMENTATION_COMMENTS = YES;
				CLANG_WARN_EMPTY_BODY = YES;
				CLANG_WARN_ENUM_CONVERSION = YES;
				CLANG_WARN_INFINITE_RECURSION = YES;
				CLANG_WARN_INT_CONVERSION = YES;
				CLANG_WARN_NON_LITERAL_NULL_CONVERSION = YES;
				CLANG_WARN_OBJC_IMPLICIT_RETAIN_SELF = YES;
				CLANG_WARN_OBJC_LITERAL_CONVERSION = YES;
				CLANG_WARN_OBJC_ROOT_CLASS = YES_ERROR;
				CLANG_WARN_QUOTED_INCLUDE_IN_FRAMEWORK_HEADER = YES;
				CLANG_WARN_RANGE_LOOP_ANALYSIS = YES;
				CLANG_WARN_STRICT_PROTOTYPES = YES;
				CLANG_WARN_SUSPICIOUS_MOVE = YES;
				CLANG_WARN_UNGUARDED_AVAILABILITY = YES_AGGRESSIVE;
				CLANG_WARN_UNREACHABLE_CODE = YES;
				CLANG_WARN__DUPLICATE_METHOD_MATCH = YES;
				COPY_PHASE_STRIP = NO;
				DEBUG_INFORMATION_FORMAT = dwarf;
				ENABLE_STRICT_OBJC_MSGSEND = YES;
				ENABLE_TESTABILITY = YES;
				ENABLE_USER_SCRIPT_SANDBOXING = YES;
				GCC_C_LANGUAGE_STANDARD = gnu17;
				GCC_DYNAMIC_NO_PIC = NO;
				GCC_NO_COMMON_BLOCKS = YES;
				GCC_OPTIMIZATION_LEVEL = 0;
				GCC_PREPROCESSOR_DEFINITIONS = (
					"DEBUG=1",
					"$(inherited)",
				);
				GCC_WARN_64_TO_32_BIT_CONVERSION = YES;
				GCC_WARN_ABOUT_RETURN_TYPE = YES_ERROR;
				GCC_WARN_UNDECLARED_SELECTOR = YES;
				GCC_WARN_UNINITIALIZED_AUTOS = YES_AGGRESSIVE;
				GCC_WARN_UNUSED_FUNCTION = YES;
				GCC_WARN_UNUSED_VARIABLE = YES;
				IPHONEOS_DEPLOYMENT_TARGET = 15.0;
				LOCALIZATION_PREFERS_STRING_CATALOGS = YES;
				MTL_ENABLE_DEBUG_INFO = INCLUDE_SOURCE;
				MTL_FAST_MATH = YES;
				ONLY_ACTIVE_ARCH = YES;
				SDKROOT = iphoneos;
				SWIFT_ACTIVE_COMPILATION_CONDITIONS = "DEBUG $(inherited)";
				SWIFT_OPTIMIZATION_LEVEL = "-Onone";
			};
			name = Debug;
		};
		CE6663F32BE35AE900514E86 /* Release */ = {
			isa = XCBuildConfiguration;
			buildSettings = {
				ALWAYS_SEARCH_USER_PATHS = NO;
				ASSETCATALOG_COMPILER_GENERATE_SWIFT_ASSET_SYMBOL_EXTENSIONS = YES;
				CLANG_ANALYZER_NONNULL = YES;
				CLANG_ANALYZER_NUMBER_OBJECT_CONVERSION = YES_AGGRESSIVE;
				CLANG_CXX_LANGUAGE_STANDARD = "gnu++20";
				CLANG_ENABLE_MODULES = YES;
				CLANG_ENABLE_OBJC_ARC = YES;
				CLANG_ENABLE_OBJC_WEAK = YES;
				CLANG_WARN_BLOCK_CAPTURE_AUTORELEASING = YES;
				CLANG_WARN_BOOL_CONVERSION = YES;
				CLANG_WARN_COMMA = YES;
				CLANG_WARN_CONSTANT_CONVERSION = YES;
				CLANG_WARN_DEPRECATED_OBJC_IMPLEMENTATIONS = YES;
				CLANG_WARN_DIRECT_OBJC_ISA_USAGE = YES_ERROR;
				CLANG_WARN_DOCUMENTATION_COMMENTS = YES;
				CLANG_WARN_EMPTY_BODY = YES;
				CLANG_WARN_ENUM_CONVERSION = YES;
				CLANG_WARN_INFINITE_RECURSION = YES;
				CLANG_WARN_INT_CONVERSION = YES;
				CLANG_WARN_NON_LITERAL_NULL_CONVERSION = YES;
				CLANG_WARN_OBJC_IMPLICIT_RETAIN_SELF = YES;
				CLANG_WARN_OBJC_LITERAL_CONVERSION = YES;
				CLANG_WARN_OBJC_ROOT_CLASS = YES_ERROR;
				CLANG_WARN_QUOTED_INCLUDE_IN_FRAMEWORK_HEADER = YES;
				CLANG_WARN_RANGE_LOOP_ANALYSIS = YES;
				CLANG_WARN_STRICT_PROTOTYPES = YES;
				CLANG_WARN_SUSPICIOUS_MOVE = YES;
				CLANG_WARN_UNGUARDED_AVAILABILITY = YES_AGGRESSIVE;
				CLANG_WARN_UNREACHABLE_CODE = YES;
				CLANG_WARN__DUPLICATE_METHOD_MATCH = YES;
				COPY_PHASE_STRIP = NO;
				DEBUG_INFORMATION_FORMAT = "dwarf-with-dsym";
				ENABLE_NS_ASSERTIONS = NO;
				ENABLE_STRICT_OBJC_MSGSEND = YES;
				ENABLE_USER_SCRIPT_SANDBOXING = YES;
				GCC_C_LANGUAGE_STANDARD = gnu17;
				GCC_NO_COMMON_BLOCKS = YES;
				GCC_WARN_64_TO_32_BIT_CONVERSION = YES;
				GCC_WARN_ABOUT_RETURN_TYPE = YES_ERROR;
				GCC_WARN_UNDECLARED_SELECTOR = YES;
				GCC_WARN_UNINITIALIZED_AUTOS = YES_AGGRESSIVE;
				GCC_WARN_UNUSED_FUNCTION = YES;
				GCC_WARN_UNUSED_VARIABLE = YES;
				IPHONEOS_DEPLOYMENT_TARGET = 15.0;
				LOCALIZATION_PREFERS_STRING_CATALOGS = YES;
				MTL_ENABLE_DEBUG_INFO = NO;
				MTL_FAST_MATH = YES;
				SDKROOT = iphoneos;
				SWIFT_COMPILATION_MODE = wholemodule;
				VALIDATE_PRODUCT = YES;
			};
			name = Release;
		};
		CE6663F52BE35AE900514E86 /* Debug */ = {
			isa = XCBuildConfiguration;
			buildSettings = {
				ASSETCATALOG_COMPILER_APPICON_NAME = AppIcon;
				ASSETCATALOG_COMPILER_GLOBAL_ACCENT_COLOR_NAME = AccentColor;
				CODE_SIGN_STYLE = Automatic;
				CURRENT_PROJECT_VERSION = 1;
				DEVELOPMENT_TEAM = MB5LS6SHA3;
				GENERATE_INFOPLIST_FILE = YES;
				INFOPLIST_FILE = AbolArchitecture/Resources/Info.plist;
				INFOPLIST_KEY_UIApplicationSupportsIndirectInputEvents = YES;
				INFOPLIST_KEY_UILaunchStoryboardName = LaunchScreen;
				INFOPLIST_KEY_UISupportedInterfaceOrientations_iPad = "UIInterfaceOrientationPortrait UIInterfaceOrientationPortraitUpsideDown UIInterfaceOrientationLandscapeLeft UIInterfaceOrientationLandscapeRight";
				INFOPLIST_KEY_UISupportedInterfaceOrientations_iPhone = "UIInterfaceOrientationPortrait UIInterfaceOrientationLandscapeLeft UIInterfaceOrientationLandscapeRight";
				LD_RUNPATH_SEARCH_PATHS = (
					"$(inherited)",
					"@executable_path/Frameworks",
				);
				MARKETING_VERSION = 1.0;
				PRODUCT_BUNDLE_IDENTIFIER = IOSTems.Architecture;
				PRODUCT_NAME = "$(TARGET_NAME)";
				SWIFT_EMIT_LOC_STRINGS = YES;
				SWIFT_VERSION = 5.0;
				TARGETED_DEVICE_FAMILY = "1,2";
			};
			name = Debug;
		};
		CE6663F62BE35AE900514E86 /* Release */ = {
			isa = XCBuildConfiguration;
			buildSettings = {
				ASSETCATALOG_COMPILER_APPICON_NAME = AppIcon;
				ASSETCATALOG_COMPILER_GLOBAL_ACCENT_COLOR_NAME = AccentColor;
				CODE_SIGN_STYLE = Automatic;
				CURRENT_PROJECT_VERSION = 1;
				DEVELOPMENT_TEAM = MB5LS6SHA3;
				GENERATE_INFOPLIST_FILE = YES;
				INFOPLIST_FILE = AbolArchitecture/Resources/Info.plist;
				INFOPLIST_KEY_UIApplicationSupportsIndirectInputEvents = YES;
				INFOPLIST_KEY_UILaunchStoryboardName = LaunchScreen;
				INFOPLIST_KEY_UISupportedInterfaceOrientations_iPad = "UIInterfaceOrientationPortrait UIInterfaceOrientationPortraitUpsideDown UIInterfaceOrientationLandscapeLeft UIInterfaceOrientationLandscapeRight";
				INFOPLIST_KEY_UISupportedInterfaceOrientations_iPhone = "UIInterfaceOrientationPortrait UIInterfaceOrientationLandscapeLeft UIInterfaceOrientationLandscapeRight";
				LD_RUNPATH_SEARCH_PATHS = (
					"$(inherited)",
					"@executable_path/Frameworks",
				);
				MARKETING_VERSION = 1.0;
				PRODUCT_BUNDLE_IDENTIFIER = IOSTems.Architecture;
				PRODUCT_NAME = "$(TARGET_NAME)";
				SWIFT_EMIT_LOC_STRINGS = YES;
				SWIFT_VERSION = 5.0;
				TARGETED_DEVICE_FAMILY = "1,2";
			};
			name = Release;
		};
		CE6663F82BE35AE900514E86 /* Debug */ = {
			isa = XCBuildConfiguration;
			buildSettings = {
				ALWAYS_EMBED_SWIFT_STANDARD_LIBRARIES = YES;
				BUNDLE_LOADER = "$(TEST_HOST)";
				CODE_SIGN_STYLE = Automatic;
				CURRENT_PROJECT_VERSION = 1;
				DEVELOPMENT_TEAM = MB5LS6SHA3;
				GENERATE_INFOPLIST_FILE = YES;
				IPHONEOS_DEPLOYMENT_TARGET = 17.4;
				MARKETING_VERSION = 1.0;
				PRODUCT_BUNDLE_IDENTIFIER = IOSTems.ArchitectureTests;
				PRODUCT_NAME = "$(TARGET_NAME)";
				SWIFT_EMIT_LOC_STRINGS = NO;
				SWIFT_VERSION = 5.0;
				TARGETED_DEVICE_FAMILY = "1,2";
				TEST_HOST = "$(BUILT_PRODUCTS_DIR)/AbolArchitecture.app/$(BUNDLE_EXECUTABLE_FOLDER_PATH)/AbolArchitecture";
			};
			name = Debug;
		};
		CE6663F92BE35AE900514E86 /* Release */ = {
			isa = XCBuildConfiguration;
			buildSettings = {
				ALWAYS_EMBED_SWIFT_STANDARD_LIBRARIES = YES;
				BUNDLE_LOADER = "$(TEST_HOST)";
				CODE_SIGN_STYLE = Automatic;
				CURRENT_PROJECT_VERSION = 1;
				DEVELOPMENT_TEAM = MB5LS6SHA3;
				GENERATE_INFOPLIST_FILE = YES;
				IPHONEOS_DEPLOYMENT_TARGET = 17.4;
				MARKETING_VERSION = 1.0;
				PRODUCT_BUNDLE_IDENTIFIER = IOSTems.ArchitectureTests;
				PRODUCT_NAME = "$(TARGET_NAME)";
				SWIFT_EMIT_LOC_STRINGS = NO;
				SWIFT_VERSION = 5.0;
				TARGETED_DEVICE_FAMILY = "1,2";
				TEST_HOST = "$(BUILT_PRODUCTS_DIR)/AbolArchitecture.app/$(BUNDLE_EXECUTABLE_FOLDER_PATH)/AbolArchitecture";
			};
			name = Release;
		};
		CE6663FB2BE35AE900514E86 /* Debug */ = {
			isa = XCBuildConfiguration;
			buildSettings = {
				ALWAYS_EMBED_SWIFT_STANDARD_LIBRARIES = YES;
				CODE_SIGN_STYLE = Automatic;
				CURRENT_PROJECT_VERSION = 1;
				DEVELOPMENT_TEAM = MB5LS6SHA3;
				GENERATE_INFOPLIST_FILE = YES;
				MARKETING_VERSION = 1.0;
				PRODUCT_BUNDLE_IDENTIFIER = IOSTems.ArchitectureUITests;
				PRODUCT_NAME = "$(TARGET_NAME)";
				SWIFT_EMIT_LOC_STRINGS = NO;
				SWIFT_VERSION = 5.0;
				TARGETED_DEVICE_FAMILY = "1,2";
				TEST_TARGET_NAME = Architecture;
			};
			name = Debug;
		};
		CE6663FC2BE35AE900514E86 /* Release */ = {
			isa = XCBuildConfiguration;
			buildSettings = {
				ALWAYS_EMBED_SWIFT_STANDARD_LIBRARIES = YES;
				CODE_SIGN_STYLE = Automatic;
				CURRENT_PROJECT_VERSION = 1;
				DEVELOPMENT_TEAM = MB5LS6SHA3;
				GENERATE_INFOPLIST_FILE = YES;
				MARKETING_VERSION = 1.0;
				PRODUCT_BUNDLE_IDENTIFIER = IOSTems.ArchitectureUITests;
				PRODUCT_NAME = "$(TARGET_NAME)";
				SWIFT_EMIT_LOC_STRINGS = NO;
				SWIFT_VERSION = 5.0;
				TARGETED_DEVICE_FAMILY = "1,2";
				TEST_TARGET_NAME = Architecture;
			};
			name = Release;
		};
/* End XCBuildConfiguration section */

/* Begin XCConfigurationList section */
		CE6663C52BE35AE700514E86 /* Build configuration list for PBXProject "AbolArchitecture" */ = {
			isa = XCConfigurationList;
			buildConfigurations = (
				CE6663F22BE35AE900514E86 /* Debug */,
				CE6663F32BE35AE900514E86 /* Release */,
			);
			defaultConfigurationIsVisible = 0;
			defaultConfigurationName = Release;
		};
		CE6663F42BE35AE900514E86 /* Build configuration list for PBXNativeTarget "AbolArchitecture" */ = {
			isa = XCConfigurationList;
			buildConfigurations = (
				CE6663F52BE35AE900514E86 /* Debug */,
				CE6663F62BE35AE900514E86 /* Release */,
			);
			defaultConfigurationIsVisible = 0;
			defaultConfigurationName = Release;
		};
		CE6663F72BE35AE900514E86 /* Build configuration list for PBXNativeTarget "AbolArchitectureTests" */ = {
			isa = XCConfigurationList;
			buildConfigurations = (
				CE6663F82BE35AE900514E86 /* Debug */,
				CE6663F92BE35AE900514E86 /* Release */,
			);
			defaultConfigurationIsVisible = 0;
			defaultConfigurationName = Release;
		};
		CE6663FA2BE35AE900514E86 /* Build configuration list for PBXNativeTarget "AbolArchitectureUITests" */ = {
			isa = XCConfigurationList;
			buildConfigurations = (
				CE6663FB2BE35AE900514E86 /* Debug */,
				CE6663FC2BE35AE900514E86 /* Release */,
			);
			defaultConfigurationIsVisible = 0;
			defaultConfigurationName = Release;
		};
/* End XCConfigurationList section */

/* Begin XCRemoteSwiftPackageReference section */
		CE1EFC0F2BEA514A002EA59B /* XCRemoteSwiftPackageReference "ios-service-routing" */ = {
			isa = XCRemoteSwiftPackageReference;
			repositoryURL = "https://gitlab.akbars.tech/abo/ios-service-routing";
			requirement = {
				branch = main;
				kind = branch;
			};
		};
		CE46CD582C0F226700A63F64 /* XCRemoteSwiftPackageReference "ios-extensions" */ = {
			isa = XCRemoteSwiftPackageReference;
			repositoryURL = "https://gitlab.akbars.tech/abo/ios-extensions";
			requirement = {
				kind = upToNextMajorVersion;
				minimumVersion = 0.0.3;
			};
		};
		CE66640B2BE3665D00514E86 /* XCRemoteSwiftPackageReference "Resolver" */ = {
			isa = XCRemoteSwiftPackageReference;
			repositoryURL = "https://github.com/hmlongco/Resolver.git";
			requirement = {
				kind = upToNextMajorVersion;
				minimumVersion = 1.5.1;
			};
		};
		CE7C332E2C49025E0077ABC1 /* XCRemoteSwiftPackageReference "ios" */ = {
			isa = XCRemoteSwiftPackageReference;
			repositoryURL = "https://gitlab.akbars.tech/abo/ios.architecture";
			requirement = {
				kind = upToNextMajorVersion;
				minimumVersion = 3.0.0;
			};
		};
		CE7C33312C490AB30077ABC1 /* XCRemoteSwiftPackageReference "ios-resources-bottom-sheet" */ = {
			isa = XCRemoteSwiftPackageReference;
			repositoryURL = "https://gitlab.akbars.tech/abo/ios-resources-bottom-sheet";
			requirement = {
				kind = upToNextMajorVersion;
				minimumVersion = 8.0.0;
			};
		};
/* End XCRemoteSwiftPackageReference section */

/* Begin XCSwiftPackageProductDependency section */
		CE1CE7152C086B87006F6468 /* Architecture */ = {
			isa = XCSwiftPackageProductDependency;
			productName = Architecture;
		};
		CE1EFC102BEA514A002EA59B /* Router */ = {
			isa = XCSwiftPackageProductDependency;
			package = CE1EFC0F2BEA514A002EA59B /* XCRemoteSwiftPackageReference "ios-service-routing" */;
			productName = Router;
		};
		CE45936B2BE8FE940031FB59 /* Router */ = {
			isa = XCSwiftPackageProductDependency;
			productName = Router;
		};
		CE46CD592C0F226700A63F64 /* Extensions */ = {
			isa = XCSwiftPackageProductDependency;
			package = CE46CD582C0F226700A63F64 /* XCRemoteSwiftPackageReference "ios-extensions" */;
			productName = Extensions;
		};
		CE66640C2BE3665D00514E86 /* Resolver */ = {
			isa = XCSwiftPackageProductDependency;
			package = CE66640B2BE3665D00514E86 /* XCRemoteSwiftPackageReference "Resolver" */;
			productName = Resolver;
		};
		CE668F8D2BEB585800827E64 /* Architecture */ = {
			isa = XCSwiftPackageProductDependency;
			productName = Architecture;
		};
		CE7C332F2C49025E0077ABC1 /* Architecture */ = {
			isa = XCSwiftPackageProductDependency;
			package = CE7C332E2C49025E0077ABC1 /* XCRemoteSwiftPackageReference "ios" */;
			productName = Architecture;
		};
		CE7C33322C490AB30077ABC1 /* BottomSheetService */ = {
			isa = XCSwiftPackageProductDependency;
			package = CE7C33312C490AB30077ABC1 /* XCRemoteSwiftPackageReference "ios-resources-bottom-sheet" */;
			productName = BottomSheetService;
		};
/* End XCSwiftPackageProductDependency section */
	};
	rootObject = CE6663C22BE35AE700514E86 /* Project object */;
}
