// !$*UTF8*$!
{
	archiveVersion = 1;
	classes = {
	};
	objectVersion = 56;
	objects = {

/* Begin PBXBuildFile section */
		340548552D64D2BD00CC8A0D /* AuthService.swift in Sources */ = {isa = PBXBuildFile; fileRef = 340548542D64D2B500CC8A0D /* AuthService.swift */; };
		340548572D64D3F400CC8A0D /* AuthFlowCoordinator.swift in Sources */ = {isa = PBXBuildFile; fileRef = 340548562D64D3EC00CC8A0D /* AuthFlowCoordinator.swift */; };
		3405D6E32CF5D96B00658A3C /* WelcomeViewServicesHandler.swift in Sources */ = {isa = PBXBuildFile; fileRef = 3405D6E22CF5D96B00658A3C /* WelcomeViewServicesHandler.swift */; };
		3405D6E42CF5D96B00658A3C /* WelcomeFeature.swift in Sources */ = {isa = PBXBuildFile; fileRef = 3405D6DF2CF5D96B00658A3C /* WelcomeFeature.swift */; };
		3405D6E52CF5D96B00658A3C /* WelcomeVC.swift in Sources */ = {isa = PBXBuildFile; fileRef = 3405D6E02CF5D96B00658A3C /* WelcomeVC.swift */; };
		3405D6E82CF5E2AE00658A3C /* WelcomeCoordinator.swift in Sources */ = {isa = PBXBuildFile; fileRef = 3405D6E72CF5E2AE00658A3C /* WelcomeCoordinator.swift */; };
		3428B7332CF61EBF00336EA5 /* MockButtonViewService.swift in Sources */ = {isa = PBXBuildFile; fileRef = 3428B7322CF61EBD00336EA5 /* MockButtonViewService.swift */; };
		3428B7352CF6232E00336EA5 /* MockInputViewService.swift in Sources */ = {isa = PBXBuildFile; fileRef = 3428B7342CF6232C00336EA5 /* MockInputViewService.swift */; };
		3428B7372CF6237400336EA5 /* MockLabelViewService.swift in Sources */ = {isa = PBXBuildFile; fileRef = 3428B7362CF6237300336EA5 /* MockLabelViewService.swift */; };
		3428B7392CF623D200336EA5 /* HomeFeatureTests.swift in Sources */ = {isa = PBXBuildFile; fileRef = 3428B7382CF623D100336EA5 /* HomeFeatureTests.swift */; };
		347267F92CE67BD500C81256 /* AuthVC.swift in Sources */ = {isa = PBXBuildFile; fileRef = 347267F62CE67BD500C81256 /* AuthVC.swift */; };
		347267FA2CE67BD500C81256 /* AuthFeature.swift in Sources */ = {isa = PBXBuildFile; fileRef = 347267F52CE67BD500C81256 /* AuthFeature.swift */; };
		347267FB2CE67BD500C81256 /* AuthViewServicesHandler.swift in Sources */ = {isa = PBXBuildFile; fileRef = 347267F72CE67BD500C81256 /* AuthViewServicesHandler.swift */; };
		347268002CECF10900C81256 /* TabBarFlowCoordinator2.swift in Sources */ = {isa = PBXBuildFile; fileRef = 347267FF2CECF10500C81256 /* TabBarFlowCoordinator2.swift */; };
		3489EFBD2D078D3D005F3B65 /* AuthValidationServiceTests.swift in Sources */ = {isa = PBXBuildFile; fileRef = 3489EFBC2D078D3A005F3B65 /* AuthValidationServiceTests.swift */; };
		3489EFC02D078FEB005F3B65 /* MockAuthValidationService.swift in Sources */ = {isa = PBXBuildFile; fileRef = 3489EFBF2D078FE9005F3B65 /* MockAuthValidationService.swift */; };
		3489EFC82D07935B005F3B65 /* MockImageViewService.swift in Sources */ = {isa = PBXBuildFile; fileRef = 3489EFC72D07935A005F3B65 /* MockImageViewService.swift */; };
		3489EFC92D07947F005F3B65 /* MockHomeServiceFactory.swift in Sources */ = {isa = PBXBuildFile; fileRef = 3489EFC52D07920B005F3B65 /* MockHomeServiceFactory.swift */; };
		3489EFCC2D09C842005F3B65 /* MockHomeViewServicesHandler.swift in Sources */ = {isa = PBXBuildFile; fileRef = 3489EFCB2D09C841005F3B65 /* MockHomeViewServicesHandler.swift */; };
		348C537E2C73980600ACEA5C /* BottomSheetService in Frameworks */ = {isa = PBXBuildFile; productRef = 348C537D2C73980600ACEA5C /* BottomSheetService */; };
		348C53812C73982100ACEA5C /* Resolver in Frameworks */ = {isa = PBXBuildFile; productRef = 348C53802C73982100ACEA5C /* Resolver */; };
		348C53842C73983000ACEA5C /* Router in Frameworks */ = {isa = PBXBuildFile; productRef = 348C53832C73983000ACEA5C /* Router */; };
		349FB36A2D649F8200942F01 /* MainCoordinator.swift in Sources */ = {isa = PBXBuildFile; fileRef = 349FB3692D649F7D00942F01 /* MainCoordinator.swift */; };
		349FB3712D64A2C500942F01 /* StartServiceFactory.swift in Sources */ = {isa = PBXBuildFile; fileRef = 349FB3702D64A2BC00942F01 /* StartServiceFactory.swift */; };
		349FB3742D64A5BF00942F01 /* StartViewServicesHandler.swift in Sources */ = {isa = PBXBuildFile; fileRef = 349FB3732D64A5AE00942F01 /* StartViewServicesHandler.swift */; };
		34B01CBD2D6DCB81001E86A9 /* TabBarFeature.swift in Sources */ = {isa = PBXBuildFile; fileRef = 34B01CBC2D6DCB7F001E86A9 /* TabBarFeature.swift */; };
		34B01CBF2D6DCC12001E86A9 /* TabBarServiceFactory.swift in Sources */ = {isa = PBXBuildFile; fileRef = 34B01CBE2D6DCC0D001E86A9 /* TabBarServiceFactory.swift */; };
		34B01CC12D6DCCE0001E86A9 /* TabBarServicesHandler.swift in Sources */ = {isa = PBXBuildFile; fileRef = 34B01CC02D6DCCDA001E86A9 /* TabBarServicesHandler.swift */; };
		34B01CC32D6DDF89001E86A9 /* TabBarVC.swift in Sources */ = {isa = PBXBuildFile; fileRef = 34B01CC22D6DDF86001E86A9 /* TabBarVC.swift */; };
		34B01CC72D6DEA9F001E86A9 /* TabBarFlowCoordinator.swift in Sources */ = {isa = PBXBuildFile; fileRef = 34B01CC62D6DEA9B001E86A9 /* TabBarFlowCoordinator.swift */; };
		34BAF9BA2D073A3200DC01D2 /* WelcomeServiceFactory.swift in Sources */ = {isa = PBXBuildFile; fileRef = 34BAF9B92D073A2B00DC01D2 /* WelcomeServiceFactory.swift */; };
		34BAF9BD2D074C6000DC01D2 /* SettingsItems.swift in Sources */ = {isa = PBXBuildFile; fileRef = 34BAF9BC2D074C5600DC01D2 /* SettingsItems.swift */; };
		34C05F3C2CFB377F0061E6A1 /* AuthValidationService.swift in Sources */ = {isa = PBXBuildFile; fileRef = 34C05F3B2CFB37700061E6A1 /* AuthValidationService.swift */; };
		34C05F3E2CFF23260061E6A1 /* AuthServiceFactory.swift in Sources */ = {isa = PBXBuildFile; fileRef = 34C05F3D2CFF23160061E6A1 /* AuthServiceFactory.swift */; };
		34C05F402D002FFE0061E6A1 /* SettingsFeature.swift in Sources */ = {isa = PBXBuildFile; fileRef = 34C05F3F2D002FF30061E6A1 /* SettingsFeature.swift */; };
		CE1CE7162C086B87006F6468 /* Architecture in Frameworks */ = {isa = PBXBuildFile; productRef = CE1CE7152C086B87006F6468 /* Architecture */; };
		CE4593112BE873640031FB59 /* TabBarVC2.swift in Sources */ = {isa = PBXBuildFile; fileRef = CE4593102BE873640031FB59 /* TabBarVC2.swift */; };
		CE4593222BE87BB30031FB59 /* StartFeature.swift in Sources */ = {isa = PBXBuildFile; fileRef = CE4593212BE87BB30031FB59 /* StartFeature.swift */; };
		CE4593272BE87C9D0031FB59 /* StartFlowCoordinator.swift in Sources */ = {isa = PBXBuildFile; fileRef = CE4593262BE87C9D0031FB59 /* StartFlowCoordinator.swift */; };
		CE45932B2BE87D880031FB59 /* TabBarFeature2.swift in Sources */ = {isa = PBXBuildFile; fileRef = CE45932A2BE87D880031FB59 /* TabBarFeature2.swift */; };
		CE45932E2BE87E2A0031FB59 /* TabBarVCBuilder2.swift in Sources */ = {isa = PBXBuildFile; fileRef = CE45932C2BE87E290031FB59 /* TabBarVCBuilder2.swift */; };
		CE45932F2BE87E2A0031FB59 /* TabBarVCUpdater2.swift in Sources */ = {isa = PBXBuildFile; fileRef = CE45932D2BE87E2A0031FB59 /* TabBarVCUpdater2.swift */; };
		CE4593342BE884FE0031FB59 /* StartVC.swift in Sources */ = {isa = PBXBuildFile; fileRef = CE4593332BE884FE0031FB59 /* StartVC.swift */; };
		CE45936C2BE8FE940031FB59 /* Router in Frameworks */ = {isa = PBXBuildFile; productRef = CE45936B2BE8FE940031FB59 /* Router */; };
		CE46CD502C0F161400A63F64 /* TabBarVCService.swift in Sources */ = {isa = PBXBuildFile; fileRef = CE46CD4E2C0F161400A63F64 /* TabBarVCService.swift */; };
		CE46CD572C0F166700A63F64 /* Extension + UIViewController.swift in Sources */ = {isa = PBXBuildFile; fileRef = CE46CD532C0F166700A63F64 /* Extension + UIViewController.swift */; };
		CE6663CE2BE35AE700514E86 /* AppDelegate.swift in Sources */ = {isa = PBXBuildFile; fileRef = CE6663CD2BE35AE700514E86 /* AppDelegate.swift */; };
		CE6663D02BE35AE700514E86 /* SceneDelegate.swift in Sources */ = {isa = PBXBuildFile; fileRef = CE6663CF2BE35AE700514E86 /* SceneDelegate.swift */; };
		CE6663D72BE35AE900514E86 /* Assets.xcassets in Resources */ = {isa = PBXBuildFile; fileRef = CE6663D62BE35AE900514E86 /* Assets.xcassets */; };
		CE6663DA2BE35AE900514E86 /* Base in Resources */ = {isa = PBXBuildFile; fileRef = CE6663D92BE35AE900514E86 /* Base */; };
		CE6663E52BE35AE900514E86 /* ArchitectureTests.swift in Sources */ = {isa = PBXBuildFile; fileRef = CE6663E42BE35AE900514E86 /* ArchitectureTests.swift */; };
		CE6663EF2BE35AE900514E86 /* ArchitectureUITests.swift in Sources */ = {isa = PBXBuildFile; fileRef = CE6663EE2BE35AE900514E86 /* ArchitectureUITests.swift */; };
		CE6663F12BE35AE900514E86 /* ArchitectureUITestsLaunchTests.swift in Sources */ = {isa = PBXBuildFile; fileRef = CE6663F02BE35AE900514E86 /* ArchitectureUITestsLaunchTests.swift */; };
		CE6664062BE3605200514E86 /* Readme.md in Resources */ = {isa = PBXBuildFile; fileRef = CE6664052BE3605200514E86 /* Readme.md */; };
		CE668F8E2BEB585800827E64 /* Architecture in Frameworks */ = {isa = PBXBuildFile; productRef = CE668F8D2BEB585800827E64 /* Architecture */; };
/* End PBXBuildFile section */

/* Begin PBXContainerItemProxy section */
		CE6663E12BE35AE900514E86 /* PBXContainerItemProxy */ = {
			isa = PBXContainerItemProxy;
			containerPortal = CE6663C22BE35AE700514E86 /* Project object */;
			proxyType = 1;
			remoteGlobalIDString = CE6663C92BE35AE700514E86;
			remoteInfo = Architecture;
		};
		CE6663EB2BE35AE900514E86 /* PBXContainerItemProxy */ = {
			isa = PBXContainerItemProxy;
			containerPortal = CE6663C22BE35AE700514E86 /* Project object */;
			proxyType = 1;
			remoteGlobalIDString = CE6663C92BE35AE700514E86;
			remoteInfo = Architecture;
		};
/* End PBXContainerItemProxy section */

/* Begin PBXFileReference section */
		340548512D64CA5000CC8A0D /* ios.architecture */ = {isa = PBXFileReference; lastKnownFileType = wrapper; name = ios.architecture; path = ../ios.architecture; sourceTree = SOURCE_ROOT; };
		340548542D64D2B500CC8A0D /* AuthService.swift */ = {isa = PBXFileReference; lastKnownFileType = sourcecode.swift; path = AuthService.swift; sourceTree = "<group>"; };
		340548562D64D3EC00CC8A0D /* AuthFlowCoordinator.swift */ = {isa = PBXFileReference; lastKnownFileType = sourcecode.swift; path = AuthFlowCoordinator.swift; sourceTree = "<group>"; };
		3405D6DF2CF5D96B00658A3C /* WelcomeFeature.swift */ = {isa = PBXFileReference; lastKnownFileType = sourcecode.swift; path = WelcomeFeature.swift; sourceTree = "<group>"; };
		3405D6E02CF5D96B00658A3C /* WelcomeVC.swift */ = {isa = PBXFileReference; lastKnownFileType = sourcecode.swift; path = WelcomeVC.swift; sourceTree = "<group>"; };
		3405D6E22CF5D96B00658A3C /* WelcomeViewServicesHandler.swift */ = {isa = PBXFileReference; lastKnownFileType = sourcecode.swift; path = WelcomeViewServicesHandler.swift; sourceTree = "<group>"; };
		3405D6E72CF5E2AE00658A3C /* WelcomeCoordinator.swift */ = {isa = PBXFileReference; lastKnownFileType = sourcecode.swift; path = WelcomeCoordinator.swift; sourceTree = "<group>"; };
		3428B7322CF61EBD00336EA5 /* MockButtonViewService.swift */ = {isa = PBXFileReference; lastKnownFileType = sourcecode.swift; path = MockButtonViewService.swift; sourceTree = "<group>"; };
		3428B7342CF6232C00336EA5 /* MockInputViewService.swift */ = {isa = PBXFileReference; lastKnownFileType = sourcecode.swift; path = MockInputViewService.swift; sourceTree = "<group>"; };
		3428B7362CF6237300336EA5 /* MockLabelViewService.swift */ = {isa = PBXFileReference; lastKnownFileType = sourcecode.swift; path = MockLabelViewService.swift; sourceTree = "<group>"; };
		3428B7382CF623D100336EA5 /* HomeFeatureTests.swift */ = {isa = PBXFileReference; lastKnownFileType = sourcecode.swift; path = HomeFeatureTests.swift; sourceTree = "<group>"; };
		347267F52CE67BD500C81256 /* AuthFeature.swift */ = {isa = PBXFileReference; lastKnownFileType = sourcecode.swift; path = AuthFeature.swift; sourceTree = "<group>"; };
		347267F62CE67BD500C81256 /* AuthVC.swift */ = {isa = PBXFileReference; lastKnownFileType = sourcecode.swift; path = AuthVC.swift; sourceTree = "<group>"; };
		347267F72CE67BD500C81256 /* AuthViewServicesHandler.swift */ = {isa = PBXFileReference; lastKnownFileType = sourcecode.swift; path = AuthViewServicesHandler.swift; sourceTree = "<group>"; };
		347267FF2CECF10500C81256 /* TabBarFlowCoordinator2.swift */ = {isa = PBXFileReference; lastKnownFileType = sourcecode.swift; path = TabBarFlowCoordinator2.swift; sourceTree = "<group>"; };
		3489EFBC2D078D3A005F3B65 /* AuthValidationServiceTests.swift */ = {isa = PBXFileReference; lastKnownFileType = sourcecode.swift; path = AuthValidationServiceTests.swift; sourceTree = "<group>"; };
		3489EFBF2D078FE9005F3B65 /* MockAuthValidationService.swift */ = {isa = PBXFileReference; lastKnownFileType = sourcecode.swift; path = MockAuthValidationService.swift; sourceTree = "<group>"; };
		3489EFC52D07920B005F3B65 /* MockHomeServiceFactory.swift */ = {isa = PBXFileReference; lastKnownFileType = sourcecode.swift; path = MockHomeServiceFactory.swift; sourceTree = "<group>"; };
		3489EFC72D07935A005F3B65 /* MockImageViewService.swift */ = {isa = PBXFileReference; lastKnownFileType = sourcecode.swift; path = MockImageViewService.swift; sourceTree = "<group>"; };
		3489EFCB2D09C841005F3B65 /* MockHomeViewServicesHandler.swift */ = {isa = PBXFileReference; lastKnownFileType = sourcecode.swift; path = MockHomeViewServicesHandler.swift; sourceTree = "<group>"; };
		349FB3692D649F7D00942F01 /* MainCoordinator.swift */ = {isa = PBXFileReference; lastKnownFileType = sourcecode.swift; path = MainCoordinator.swift; sourceTree = "<group>"; };
		349FB3702D64A2BC00942F01 /* StartServiceFactory.swift */ = {isa = PBXFileReference; lastKnownFileType = sourcecode.swift; path = StartServiceFactory.swift; sourceTree = "<group>"; };
		349FB3732D64A5AE00942F01 /* StartViewServicesHandler.swift */ = {isa = PBXFileReference; lastKnownFileType = sourcecode.swift; path = StartViewServicesHandler.swift; sourceTree = "<group>"; };
		34B01CBA2D6CB13E001E86A9 /* ios-service-routing */ = {isa = PBXFileReference; lastKnownFileType = wrapper; name = "ios-service-routing"; path = "../ios-service-routing"; sourceTree = SOURCE_ROOT; };
		34B01CBC2D6DCB7F001E86A9 /* TabBarFeature.swift */ = {isa = PBXFileReference; lastKnownFileType = sourcecode.swift; path = TabBarFeature.swift; sourceTree = "<group>"; };
		34B01CBE2D6DCC0D001E86A9 /* TabBarServiceFactory.swift */ = {isa = PBXFileReference; lastKnownFileType = sourcecode.swift; path = TabBarServiceFactory.swift; sourceTree = "<group>"; };
		34B01CC02D6DCCDA001E86A9 /* TabBarServicesHandler.swift */ = {isa = PBXFileReference; lastKnownFileType = sourcecode.swift; path = TabBarServicesHandler.swift; sourceTree = "<group>"; };
		34B01CC22D6DDF86001E86A9 /* TabBarVC.swift */ = {isa = PBXFileReference; lastKnownFileType = sourcecode.swift; path = TabBarVC.swift; sourceTree = "<group>"; };
		34B01CC62D6DEA9B001E86A9 /* TabBarFlowCoordinator.swift */ = {isa = PBXFileReference; lastKnownFileType = sourcecode.swift; path = TabBarFlowCoordinator.swift; sourceTree = "<group>"; };
		34BAF9B92D073A2B00DC01D2 /* WelcomeServiceFactory.swift */ = {isa = PBXFileReference; lastKnownFileType = sourcecode.swift; path = WelcomeServiceFactory.swift; sourceTree = "<group>"; };
		34BAF9BC2D074C5600DC01D2 /* SettingsItems.swift */ = {isa = PBXFileReference; lastKnownFileType = sourcecode.swift; path = SettingsItems.swift; sourceTree = "<group>"; };
		34C05F3B2CFB37700061E6A1 /* AuthValidationService.swift */ = {isa = PBXFileReference; lastKnownFileType = sourcecode.swift; path = AuthValidationService.swift; sourceTree = "<group>"; };
		34C05F3D2CFF23160061E6A1 /* AuthServiceFactory.swift */ = {isa = PBXFileReference; lastKnownFileType = sourcecode.swift; path = AuthServiceFactory.swift; sourceTree = "<group>"; };
		34C05F3F2D002FF30061E6A1 /* SettingsFeature.swift */ = {isa = PBXFileReference; lastKnownFileType = sourcecode.swift; path = SettingsFeature.swift; sourceTree = "<group>"; };
		CE4593102BE873640031FB59 /* TabBarVC2.swift */ = {isa = PBXFileReference; fileEncoding = 4; lastKnownFileType = sourcecode.swift; path = TabBarVC2.swift; sourceTree = "<group>"; };
		CE4593212BE87BB30031FB59 /* StartFeature.swift */ = {isa = PBXFileReference; lastKnownFileType = sourcecode.swift; path = StartFeature.swift; sourceTree = "<group>"; };
		CE4593262BE87C9D0031FB59 /* StartFlowCoordinator.swift */ = {isa = PBXFileReference; lastKnownFileType = sourcecode.swift; path = StartFlowCoordinator.swift; sourceTree = "<group>"; };
		CE45932A2BE87D880031FB59 /* TabBarFeature2.swift */ = {isa = PBXFileReference; lastKnownFileType = sourcecode.swift; path = TabBarFeature2.swift; sourceTree = "<group>"; };
		CE45932C2BE87E290031FB59 /* TabBarVCBuilder2.swift */ = {isa = PBXFileReference; fileEncoding = 4; lastKnownFileType = sourcecode.swift; path = TabBarVCBuilder2.swift; sourceTree = "<group>"; };
		CE45932D2BE87E2A0031FB59 /* TabBarVCUpdater2.swift */ = {isa = PBXFileReference; fileEncoding = 4; lastKnownFileType = sourcecode.swift; path = TabBarVCUpdater2.swift; sourceTree = "<group>"; };
		CE4593332BE884FE0031FB59 /* StartVC.swift */ = {isa = PBXFileReference; lastKnownFileType = sourcecode.swift; path = StartVC.swift; sourceTree = "<group>"; };
		CE46CD4E2C0F161400A63F64 /* TabBarVCService.swift */ = {isa = PBXFileReference; fileEncoding = 4; lastKnownFileType = sourcecode.swift; path = TabBarVCService.swift; sourceTree = "<group>"; };
		CE46CD532C0F166700A63F64 /* Extension + UIViewController.swift */ = {isa = PBXFileReference; fileEncoding = 4; lastKnownFileType = sourcecode.swift; path = "Extension + UIViewController.swift"; sourceTree = "<group>"; };
		CE6663CA2BE35AE700514E86 /* AbolArchitecture.app */ = {isa = PBXFileReference; explicitFileType = wrapper.application; includeInIndex = 0; path = AbolArchitecture.app; sourceTree = BUILT_PRODUCTS_DIR; };
		CE6663CD2BE35AE700514E86 /* AppDelegate.swift */ = {isa = PBXFileReference; lastKnownFileType = sourcecode.swift; path = AppDelegate.swift; sourceTree = "<group>"; };
		CE6663CF2BE35AE700514E86 /* SceneDelegate.swift */ = {isa = PBXFileReference; lastKnownFileType = sourcecode.swift; path = SceneDelegate.swift; sourceTree = "<group>"; };
		CE6663D62BE35AE900514E86 /* Assets.xcassets */ = {isa = PBXFileReference; lastKnownFileType = folder.assetcatalog; path = Assets.xcassets; sourceTree = "<group>"; };
		CE6663D92BE35AE900514E86 /* Base */ = {isa = PBXFileReference; lastKnownFileType = file.storyboard; name = Base; path = Base.lproj/LaunchScreen.storyboard; sourceTree = "<group>"; };
		CE6663DB2BE35AE900514E86 /* Info.plist */ = {isa = PBXFileReference; lastKnownFileType = text.plist.xml; path = Info.plist; sourceTree = "<group>"; };
		CE6663E02BE35AE900514E86 /* AbolArchitectureTests.xctest */ = {isa = PBXFileReference; explicitFileType = wrapper.cfbundle; includeInIndex = 0; path = AbolArchitectureTests.xctest; sourceTree = BUILT_PRODUCTS_DIR; };
		CE6663E42BE35AE900514E86 /* ArchitectureTests.swift */ = {isa = PBXFileReference; lastKnownFileType = sourcecode.swift; path = ArchitectureTests.swift; sourceTree = "<group>"; };
		CE6663EA2BE35AE900514E86 /* AbolArchitectureUITests.xctest */ = {isa = PBXFileReference; explicitFileType = wrapper.cfbundle; includeInIndex = 0; path = AbolArchitectureUITests.xctest; sourceTree = BUILT_PRODUCTS_DIR; };
		CE6663EE2BE35AE900514E86 /* ArchitectureUITests.swift */ = {isa = PBXFileReference; lastKnownFileType = sourcecode.swift; path = ArchitectureUITests.swift; sourceTree = "<group>"; };
		CE6663F02BE35AE900514E86 /* ArchitectureUITestsLaunchTests.swift */ = {isa = PBXFileReference; lastKnownFileType = sourcecode.swift; path = ArchitectureUITestsLaunchTests.swift; sourceTree = "<group>"; };
		CE6664052BE3605200514E86 /* Readme.md */ = {isa = PBXFileReference; fileEncoding = 4; lastKnownFileType = net.daringfireball.markdown; path = Readme.md; sourceTree = "<group>"; };
/* End PBXFileReference section */

/* Begin PBXFrameworksBuildPhase section */
		CE6663C72BE35AE700514E86 /* Frameworks */ = {
			isa = PBXFrameworksBuildPhase;
			buildActionMask = 2147483647;
			files = (
				CE1CE7162C086B87006F6468 /* Architecture in Frameworks */,
				348C53842C73983000ACEA5C /* Router in Frameworks */,
				348C537E2C73980600ACEA5C /* BottomSheetService in Frameworks */,
				CE45936C2BE8FE940031FB59 /* Router in Frameworks */,
				348C53812C73982100ACEA5C /* Resolver in Frameworks */,
				CE668F8E2BEB585800827E64 /* Architecture in Frameworks */,
			);
			runOnlyForDeploymentPostprocessing = 0;
		};
		CE6663DD2BE35AE900514E86 /* Frameworks */ = {
			isa = PBXFrameworksBuildPhase;
			buildActionMask = 2147483647;
			files = (
			);
			runOnlyForDeploymentPostprocessing = 0;
		};
		CE6663E72BE35AE900514E86 /* Frameworks */ = {
			isa = PBXFrameworksBuildPhase;
			buildActionMask = 2147483647;
			files = (
			);
			runOnlyForDeploymentPostprocessing = 0;
		};
/* End PBXFrameworksBuildPhase section */

/* Begin PBXGroup section */
		340548522D64CD2200CC8A0D /* Services */ = {
			isa = PBXGroup;
			children = (
				34C05F3B2CFB37700061E6A1 /* AuthValidationService.swift */,
			);
			path = Services;
			sourceTree = "<group>";
		};
		340548532D64D2A500CC8A0D /* public services */ = {
			isa = PBXGroup;
			children = (
				340548542D64D2B500CC8A0D /* AuthService.swift */,
			);
			path = "public services";
			sourceTree = "<group>";
		};
		3405D6DC2CF5D85F00658A3C /* Welcome - Arch */ = {
			isa = PBXGroup;
			children = (
				34BAF9BB2D0745BE00DC01D2 /* Coordinator */,
				3405D6DF2CF5D96B00658A3C /* WelcomeFeature.swift */,
				3405D6E02CF5D96B00658A3C /* WelcomeVC.swift */,
				34BAF9B92D073A2B00DC01D2 /* WelcomeServiceFactory.swift */,
				3405D6E22CF5D96B00658A3C /* WelcomeViewServicesHandler.swift */,
			);
			path = "Welcome - Arch";
			sourceTree = "<group>";
		};
		3405D6DD2CF5D87200658A3C /* HomeTab */ = {
			isa = PBXGroup;
			children = (
				3405D6DC2CF5D85F00658A3C /* Welcome - Arch */,
			);
			path = HomeTab;
			sourceTree = "<group>";
		};
		3405D6DE2CF5D87D00658A3C /* ProfileTab */ = {
			isa = PBXGroup;
			children = (
				347267F42CE67B5200C81256 /* Profile - TableArch */,
			);
			path = ProfileTab;
			sourceTree = "<group>";
		};
		3428B72E2CF61E9100336EA5 /* HomeTab */ = {
			isa = PBXGroup;
			children = (
				3428B72F2CF61E9E00336EA5 /* Home */,
			);
			path = HomeTab;
			sourceTree = "<group>";
		};
		3428B72F2CF61E9E00336EA5 /* Home */ = {
			isa = PBXGroup;
			children = (
				3489EFCA2D079567005F3B65 /* Mocks */,
				3489EFBB2D078C79005F3B65 /* Services */,
				3428B7382CF623D100336EA5 /* HomeFeatureTests.swift */,
			);
			path = Home;
			sourceTree = "<group>";
		};
		3428B7302CF61EA800336EA5 /* MockServices */ = {
			isa = PBXGroup;
			children = (
				3428B7312CF61EB000336EA5 /* DesignSystem */,
			);
			path = MockServices;
			sourceTree = "<group>";
		};
		3428B7312CF61EB000336EA5 /* DesignSystem */ = {
			isa = PBXGroup;
			children = (
				3489EFC72D07935A005F3B65 /* MockImageViewService.swift */,
				3428B7362CF6237300336EA5 /* MockLabelViewService.swift */,
				3428B7342CF6232C00336EA5 /* MockInputViewService.swift */,
				3428B7322CF61EBD00336EA5 /* MockButtonViewService.swift */,
			);
			path = DesignSystem;
			sourceTree = "<group>";
		};
		347267ED2CE66CEC00C81256 /* Main */ = {
			isa = PBXGroup;
			children = (
				347267EF2CE6752600C81256 /* Start */,
			);
			path = Main;
			sourceTree = "<group>";
		};
		347267EF2CE6752600C81256 /* Start */ = {
			isa = PBXGroup;
			children = (
				3489EFB92D078B84005F3B65 /* Start */,
				3489EFB52D07890C005F3B65 /* TabBar */,
			);
			path = Start;
			sourceTree = "<group>";
		};
		347267F22CE67AED00C81256 /* Flows */ = {
			isa = PBXGroup;
			children = (
				3405D6DE2CF5D87D00658A3C /* ProfileTab */,
				3405D6DD2CF5D87200658A3C /* HomeTab */,
			);
			path = Flows;
			sourceTree = "<group>";
		};
		347267F42CE67B5200C81256 /* Profile - TableArch */ = {
			isa = PBXGroup;
			children = (
				34BAF9BE2D074DBF00DC01D2 /* Items */,
				34C05F3F2D002FF30061E6A1 /* SettingsFeature.swift */,
			);
			path = "Profile - TableArch";
			sourceTree = "<group>";
		};
		3489EFB52D07890C005F3B65 /* TabBar */ = {
			isa = PBXGroup;
			children = (
				3489EFBA2D078B8D005F3B65 /* TabBar */,
				347267F22CE67AED00C81256 /* Flows */,
			);
			path = TabBar;
			sourceTree = "<group>";
		};
		3489EFB72D078A94005F3B65 /* Extensions */ = {
			isa = PBXGroup;
			children = (
				CE46CD4E2C0F161400A63F64 /* TabBarVCService.swift */,
				CE46CD532C0F166700A63F64 /* Extension + UIViewController.swift */,
			);
			path = Extensions;
			sourceTree = "<group>";
		};
		3489EFB92D078B84005F3B65 /* Start */ = {
			isa = PBXGroup;
			children = (
			);
			path = Start;
			sourceTree = "<group>";
		};
		3489EFBA2D078B8D005F3B65 /* TabBar */ = {
			isa = PBXGroup;
			children = (
				CE45932A2BE87D880031FB59 /* TabBarFeature2.swift */,
				CE4593102BE873640031FB59 /* TabBarVC2.swift */,
				CE45932C2BE87E290031FB59 /* TabBarVCBuilder2.swift */,
				CE45932D2BE87E2A0031FB59 /* TabBarVCUpdater2.swift */,
				347267FF2CECF10500C81256 /* TabBarFlowCoordinator2.swift */,
			);
			path = TabBar;
			sourceTree = "<group>";
		};
		3489EFBB2D078C79005F3B65 /* Services */ = {
			isa = PBXGroup;
			children = (
				3489EFBC2D078D3A005F3B65 /* AuthValidationServiceTests.swift */,
			);
			path = Services;
			sourceTree = "<group>";
		};
		3489EFCA2D079567005F3B65 /* Mocks */ = {
			isa = PBXGroup;
			children = (
				3489EFCB2D09C841005F3B65 /* MockHomeViewServicesHandler.swift */,
				3489EFC52D07920B005F3B65 /* MockHomeServiceFactory.swift */,
				3489EFBF2D078FE9005F3B65 /* MockAuthValidationService.swift */,
			);
			path = Mocks;
			sourceTree = "<group>";
		};
		349FB3672D649F2700942F01 /* Clean Example */ = {
			isa = PBXGroup;
			children = (
				349FB3682D649F7500942F01 /* Global */,
				CE6663FD2BE35AFE00514E86 /* AppDelegate */,
			);
			path = "Clean Example";
			sourceTree = "<group>";
		};
		349FB3682D649F7500942F01 /* Global */ = {
			isa = PBXGroup;
			children = (
				340548532D64D2A500CC8A0D /* public services */,
				349FB3692D649F7D00942F01 /* MainCoordinator.swift */,
				349FB36B2D64A01C00942F01 /* Start */,
			);
			path = Global;
			sourceTree = "<group>";
		};
		349FB36B2D64A01C00942F01 /* Start */ = {
			isa = PBXGroup;
			children = (
				34B01CBB2D6DCB69001E86A9 /* TabBar */,
				349FB36C2D64A04300942F01 /* Start */,
				349FB36D2D64A04900942F01 /* Auth */,
				349FB36E2D64A05200942F01 /* Main */,
			);
			path = Start;
			sourceTree = "<group>";
		};
		349FB36C2D64A04300942F01 /* Start */ = {
			isa = PBXGroup;
			children = (
				349FB3722D64A57A00942F01 /* Services */,
				CE4593262BE87C9D0031FB59 /* StartFlowCoordinator.swift */,
				349FB3732D64A5AE00942F01 /* StartViewServicesHandler.swift */,
				CE4593332BE884FE0031FB59 /* StartVC.swift */,
				CE4593212BE87BB30031FB59 /* StartFeature.swift */,
			);
			path = Start;
			sourceTree = "<group>";
		};
		349FB36D2D64A04900942F01 /* Auth */ = {
			isa = PBXGroup;
			children = (
				34C05F382CFB1FE10061E6A1 /* Services */,
				340548562D64D3EC00CC8A0D /* AuthFlowCoordinator.swift */,
				347267F72CE67BD500C81256 /* AuthViewServicesHandler.swift */,
				347267F62CE67BD500C81256 /* AuthVC.swift */,
				347267F52CE67BD500C81256 /* AuthFeature.swift */,
			);
			path = Auth;
			sourceTree = "<group>";
		};
		349FB36E2D64A05200942F01 /* Main */ = {
			isa = PBXGroup;
			children = (
			);
			path = Main;
			sourceTree = "<group>";
		};
		349FB3722D64A57A00942F01 /* Services */ = {
			isa = PBXGroup;
			children = (
				349FB3752D64B62400942F01 /* Services */,
				349FB3702D64A2BC00942F01 /* StartServiceFactory.swift */,
			);
			path = Services;
			sourceTree = "<group>";
		};
		349FB3752D64B62400942F01 /* Services */ = {
			isa = PBXGroup;
			children = (
			);
			path = Services;
			sourceTree = "<group>";
		};
		34B01CBB2D6DCB69001E86A9 /* TabBar */ = {
			isa = PBXGroup;
			children = (
				34B01CC42D6DEA82001E86A9 /* Services */,
				34B01CC62D6DEA9B001E86A9 /* TabBarFlowCoordinator.swift */,
				34B01CC22D6DDF86001E86A9 /* TabBarVC.swift */,
				34B01CC02D6DCCDA001E86A9 /* TabBarServicesHandler.swift */,
				34B01CBC2D6DCB7F001E86A9 /* TabBarFeature.swift */,
			);
			path = TabBar;
			sourceTree = "<group>";
		};
		34B01CC42D6DEA82001E86A9 /* Services */ = {
			isa = PBXGroup;
			children = (
				34B01CC52D6DEA8A001E86A9 /* Services */,
				34B01CBE2D6DCC0D001E86A9 /* TabBarServiceFactory.swift */,
			);
			path = Services;
			sourceTree = "<group>";
		};
		34B01CC52D6DEA8A001E86A9 /* Services */ = {
			isa = PBXGroup;
			children = (
			);
			path = Services;
			sourceTree = "<group>";
		};
		34BAF9BB2D0745BE00DC01D2 /* Coordinator */ = {
			isa = PBXGroup;
			children = (
				3405D6E72CF5E2AE00658A3C /* WelcomeCoordinator.swift */,
			);
			path = Coordinator;
			sourceTree = "<group>";
		};
		34BAF9BE2D074DBF00DC01D2 /* Items */ = {
			isa = PBXGroup;
			children = (
				34BAF9BC2D074C5600DC01D2 /* SettingsItems.swift */,
			);
			path = Items;
			sourceTree = "<group>";
		};
		34C05F382CFB1FE10061E6A1 /* Services */ = {
			isa = PBXGroup;
			children = (
				340548522D64CD2200CC8A0D /* Services */,
				34C05F3D2CFF23160061E6A1 /* AuthServiceFactory.swift */,
			);
			path = Services;
			sourceTree = "<group>";
		};
		CE4593132BE876260031FB59 /* Frameworks */ = {
			isa = PBXGroup;
			children = (
			);
			name = Frameworks;
			sourceTree = "<group>";
		};
		CE6663C12BE35AE700514E86 = {
			isa = PBXGroup;
			children = (
				34B01CBA2D6CB13E001E86A9 /* ios-service-routing */,
				340548512D64CA5000CC8A0D /* ios.architecture */,
				CE6663CC2BE35AE700514E86 /* AbolArchitecture */,
				CE6663E32BE35AE900514E86 /* ArchitectureTests */,
				CE6663ED2BE35AE900514E86 /* ArchitectureUITests */,
				CE6663CB2BE35AE700514E86 /* Products */,
				CE4593132BE876260031FB59 /* Frameworks */,
			);
			sourceTree = "<group>";
		};
		CE6663CB2BE35AE700514E86 /* Products */ = {
			isa = PBXGroup;
			children = (
				CE6663CA2BE35AE700514E86 /* AbolArchitecture.app */,
				CE6663E02BE35AE900514E86 /* AbolArchitectureTests.xctest */,
				CE6663EA2BE35AE900514E86 /* AbolArchitectureUITests.xctest */,
			);
			name = Products;
			sourceTree = "<group>";
		};
		CE6663CC2BE35AE700514E86 /* AbolArchitecture */ = {
			isa = PBXGroup;
			children = (
				349FB3672D649F2700942F01 /* Clean Example */,
				3489EFB72D078A94005F3B65 /* Extensions */,
				347267ED2CE66CEC00C81256 /* Main */,
				CE6663D82BE35AE900514E86 /* LaunchScreen.storyboard */,
				CE6663FE2BE35B1F00514E86 /* Resources */,
			);
			path = AbolArchitecture;
			sourceTree = "<group>";
		};
		CE6663E32BE35AE900514E86 /* ArchitectureTests */ = {
			isa = PBXGroup;
			children = (
				3428B7302CF61EA800336EA5 /* MockServices */,
				3428B72E2CF61E9100336EA5 /* HomeTab */,
				CE6663E42BE35AE900514E86 /* ArchitectureTests.swift */,
			);
			path = ArchitectureTests;
			sourceTree = "<group>";
		};
		CE6663ED2BE35AE900514E86 /* ArchitectureUITests */ = {
			isa = PBXGroup;
			children = (
				CE6663EE2BE35AE900514E86 /* ArchitectureUITests.swift */,
				CE6663F02BE35AE900514E86 /* ArchitectureUITestsLaunchTests.swift */,
			);
			path = ArchitectureUITests;
			sourceTree = "<group>";
		};
		CE6663FD2BE35AFE00514E86 /* AppDelegate */ = {
			isa = PBXGroup;
			children = (
				CE6663CD2BE35AE700514E86 /* AppDelegate.swift */,
				CE6663CF2BE35AE700514E86 /* SceneDelegate.swift */,
			);
			path = AppDelegate;
			sourceTree = "<group>";
		};
		CE6663FE2BE35B1F00514E86 /* Resources */ = {
			isa = PBXGroup;
			children = (
				CE6664052BE3605200514E86 /* Readme.md */,
				CE6663DB2BE35AE900514E86 /* Info.plist */,
				CE6663D62BE35AE900514E86 /* Assets.xcassets */,
			);
			path = Resources;
			sourceTree = "<group>";
		};
/* End PBXGroup section */

/* Begin PBXNativeTarget section */
		CE6663C92BE35AE700514E86 /* AbolArchitecture */ = {
			isa = PBXNativeTarget;
			buildConfigurationList = CE6663F42BE35AE900514E86 /* Build configuration list for PBXNativeTarget "AbolArchitecture" */;
			buildPhases = (
				CE6663C62BE35AE700514E86 /* Sources */,
				CE6663C72BE35AE700514E86 /* Frameworks */,
				CE6663C82BE35AE700514E86 /* Resources */,
			);
			buildRules = (
			);
			dependencies = (
			);
			name = AbolArchitecture;
			packageProductDependencies = (
				CE45936B2BE8FE940031FB59 /* Router */,
				CE668F8D2BEB585800827E64 /* Architecture */,
				CE1CE7152C086B87006F6468 /* Architecture */,
				348C537D2C73980600ACEA5C /* BottomSheetService */,
				348C53802C73982100ACEA5C /* Resolver */,
				348C53832C73983000ACEA5C /* Router */,
			);
			productName = Architecture;
			productReference = CE6663CA2BE35AE700514E86 /* AbolArchitecture.app */;
			productType = "com.apple.product-type.application";
		};
		CE6663DF2BE35AE900514E86 /* AbolArchitectureTests */ = {
			isa = PBXNativeTarget;
			buildConfigurationList = CE6663F72BE35AE900514E86 /* Build configuration list for PBXNativeTarget "AbolArchitectureTests" */;
			buildPhases = (
				CE6663DC2BE35AE900514E86 /* Sources */,
				CE6663DD2BE35AE900514E86 /* Frameworks */,
				CE6663DE2BE35AE900514E86 /* Resources */,
			);
			buildRules = (
			);
			dependencies = (
				CE6663E22BE35AE900514E86 /* PBXTargetDependency */,
			);
			name = AbolArchitectureTests;
			productName = ArchitectureTests;
			productReference = CE6663E02BE35AE900514E86 /* AbolArchitectureTests.xctest */;
			productType = "com.apple.product-type.bundle.unit-test";
		};
		CE6663E92BE35AE900514E86 /* AbolArchitectureUITests */ = {
			isa = PBXNativeTarget;
			buildConfigurationList = CE6663FA2BE35AE900514E86 /* Build configuration list for PBXNativeTarget "AbolArchitectureUITests" */;
			buildPhases = (
				CE6663E62BE35AE900514E86 /* Sources */,
				CE6663E72BE35AE900514E86 /* Frameworks */,
				CE6663E82BE35AE900514E86 /* Resources */,
			);
			buildRules = (
			);
			dependencies = (
				CE6663EC2BE35AE900514E86 /* PBXTargetDependency */,
			);
			name = AbolArchitectureUITests;
			productName = ArchitectureUITests;
			productReference = CE6663EA2BE35AE900514E86 /* AbolArchitectureUITests.xctest */;
			productType = "com.apple.product-type.bundle.ui-testing";
		};
/* End PBXNativeTarget section */

/* Begin PBXProject section */
		CE6663C22BE35AE700514E86 /* Project object */ = {
			isa = PBXProject;
			attributes = {
				BuildIndependentTargetsInParallel = 1;
				LastSwiftUpdateCheck = 1530;
				LastUpgradeCheck = 1530;
				TargetAttributes = {
					CE6663C92BE35AE700514E86 = {
						CreatedOnToolsVersion = 15.3;
					};
					CE6663DF2BE35AE900514E86 = {
						CreatedOnToolsVersion = 15.3;
						TestTargetID = CE6663C92BE35AE700514E86;
					};
					CE6663E92BE35AE900514E86 = {
						CreatedOnToolsVersion = 15.3;
						TestTargetID = CE6663C92BE35AE700514E86;
					};
				};
			};
			buildConfigurationList = CE6663C52BE35AE700514E86 /* Build configuration list for PBXProject "AbolArchitecture" */;
			compatibilityVersion = "Xcode 14.0";
			developmentRegion = en;
			hasScannedForEncodings = 0;
			knownRegions = (
				en,
				Base,
			);
			mainGroup = CE6663C12BE35AE700514E86;
			packageReferences = (
				348C537C2C73980600ACEA5C /* XCRemoteSwiftPackageReference "ios-resources-bottom-sheet" */,
				348C537F2C73982100ACEA5C /* XCRemoteSwiftPackageReference "Resolver" */,
				348C53822C73983000ACEA5C /* XCRemoteSwiftPackageReference "ios-service-routing" */,
			);
			productRefGroup = CE6663CB2BE35AE700514E86 /* Products */;
			projectDirPath = "";
			projectRoot = "";
			targets = (
				CE6663C92BE35AE700514E86 /* AbolArchitecture */,
				CE6663DF2BE35AE900514E86 /* AbolArchitectureTests */,
				CE6663E92BE35AE900514E86 /* AbolArchitectureUITests */,
			);
		};
/* End PBXProject section */

/* Begin PBXResourcesBuildPhase section */
		CE6663C82BE35AE700514E86 /* Resources */ = {
			isa = PBXResourcesBuildPhase;
			buildActionMask = 2147483647;
			files = (
				CE6663D72BE35AE900514E86 /* Assets.xcassets in Resources */,
				CE6663DA2BE35AE900514E86 /* Base in Resources */,
				CE6664062BE3605200514E86 /* Readme.md in Resources */,
			);
			runOnlyForDeploymentPostprocessing = 0;
		};
		CE6663DE2BE35AE900514E86 /* Resources */ = {
			isa = PBXResourcesBuildPhase;
			buildActionMask = 2147483647;
			files = (
			);
			runOnlyForDeploymentPostprocessing = 0;
		};
		CE6663E82BE35AE900514E86 /* Resources */ = {
			isa = PBXResourcesBuildPhase;
			buildActionMask = 2147483647;
			files = (
			);
			runOnlyForDeploymentPostprocessing = 0;
		};
/* End PBXResourcesBuildPhase section */

/* Begin PBXSourcesBuildPhase section */
		CE6663C62BE35AE700514E86 /* Sources */ = {
			isa = PBXSourcesBuildPhase;
			buildActionMask = 2147483647;
			files = (
				34C05F3C2CFB377F0061E6A1 /* AuthValidationService.swift in Sources */,
				3489EFC02D078FEB005F3B65 /* MockAuthValidationService.swift in Sources */,
				34B01CBF2D6DCC12001E86A9 /* TabBarServiceFactory.swift in Sources */,
				CE45932E2BE87E2A0031FB59 /* TabBarVCBuilder2.swift in Sources */,
				CE4593342BE884FE0031FB59 /* StartVC.swift in Sources */,
				CE45932F2BE87E2A0031FB59 /* TabBarVCUpdater2.swift in Sources */,
				CE4593272BE87C9D0031FB59 /* StartFlowCoordinator.swift in Sources */,
				34B01CC32D6DDF89001E86A9 /* TabBarVC.swift in Sources */,
				34B01CBD2D6DCB81001E86A9 /* TabBarFeature.swift in Sources */,
				CE6663CE2BE35AE700514E86 /* AppDelegate.swift in Sources */,
				34BAF9BA2D073A3200DC01D2 /* WelcomeServiceFactory.swift in Sources */,
				3405D6E32CF5D96B00658A3C /* WelcomeViewServicesHandler.swift in Sources */,
				3405D6E42CF5D96B00658A3C /* WelcomeFeature.swift in Sources */,
				34B01CC12D6DCCE0001E86A9 /* TabBarServicesHandler.swift in Sources */,
				34B01CC72D6DEA9F001E86A9 /* TabBarFlowCoordinator.swift in Sources */,
				3405D6E52CF5D96B00658A3C /* WelcomeVC.swift in Sources */,
				349FB3742D64A5BF00942F01 /* StartViewServicesHandler.swift in Sources */,
				349FB3712D64A2C500942F01 /* StartServiceFactory.swift in Sources */,
				CE46CD502C0F161400A63F64 /* TabBarVCService.swift in Sources */,
				34C05F402D002FFE0061E6A1 /* SettingsFeature.swift in Sources */,
				34C05F3E2CFF23260061E6A1 /* AuthServiceFactory.swift in Sources */,
				347267F92CE67BD500C81256 /* AuthVC.swift in Sources */,
				347267FA2CE67BD500C81256 /* AuthFeature.swift in Sources */,
				34BAF9BD2D074C6000DC01D2 /* SettingsItems.swift in Sources */,
				347267FB2CE67BD500C81256 /* AuthViewServicesHandler.swift in Sources */,
				349FB36A2D649F8200942F01 /* MainCoordinator.swift in Sources */,
				CE4593112BE873640031FB59 /* TabBarVC2.swift in Sources */,
				3405D6E82CF5E2AE00658A3C /* WelcomeCoordinator.swift in Sources */,
				347268002CECF10900C81256 /* TabBarFlowCoordinator2.swift in Sources */,
				340548572D64D3F400CC8A0D /* AuthFlowCoordinator.swift in Sources */,
				3489EFCC2D09C842005F3B65 /* MockHomeViewServicesHandler.swift in Sources */,
				CE4593222BE87BB30031FB59 /* StartFeature.swift in Sources */,
				CE46CD572C0F166700A63F64 /* Extension + UIViewController.swift in Sources */,
				340548552D64D2BD00CC8A0D /* AuthService.swift in Sources */,
				CE45932B2BE87D880031FB59 /* TabBarFeature2.swift in Sources */,
				CE6663D02BE35AE700514E86 /* SceneDelegate.swift in Sources */,
			);
			runOnlyForDeploymentPostprocessing = 0;
		};
		CE6663DC2BE35AE900514E86 /* Sources */ = {
			isa = PBXSourcesBuildPhase;
			buildActionMask = 2147483647;
			files = (
				3489EFBD2D078D3D005F3B65 /* AuthValidationServiceTests.swift in Sources */,
				3428B7332CF61EBF00336EA5 /* MockButtonViewService.swift in Sources */,
				3428B7392CF623D200336EA5 /* HomeFeatureTests.swift in Sources */,
				CE6663E52BE35AE900514E86 /* ArchitectureTests.swift in Sources */,
				3428B7352CF6232E00336EA5 /* MockInputViewService.swift in Sources */,
				3489EFC92D07947F005F3B65 /* MockHomeServiceFactory.swift in Sources */,
				3428B7372CF6237400336EA5 /* MockLabelViewService.swift in Sources */,
				3489EFC82D07935B005F3B65 /* MockImageViewService.swift in Sources */,
			);
			runOnlyForDeploymentPostprocessing = 0;
		};
		CE6663E62BE35AE900514E86 /* Sources */ = {
			isa = PBXSourcesBuildPhase;
			buildActionMask = 2147483647;
			files = (
				CE6663EF2BE35AE900514E86 /* ArchitectureUITests.swift in Sources */,
				CE6663F12BE35AE900514E86 /* ArchitectureUITestsLaunchTests.swift in Sources */,
			);
			runOnlyForDeploymentPostprocessing = 0;
		};
/* End PBXSourcesBuildPhase section */

/* Begin PBXTargetDependency section */
		CE6663E22BE35AE900514E86 /* PBXTargetDependency */ = {
			isa = PBXTargetDependency;
			target = CE6663C92BE35AE700514E86 /* AbolArchitecture */;
			targetProxy = CE6663E12BE35AE900514E86 /* PBXContainerItemProxy */;
		};
		CE6663EC2BE35AE900514E86 /* PBXTargetDependency */ = {
			isa = PBXTargetDependency;
			target = CE6663C92BE35AE700514E86 /* AbolArchitecture */;
			targetProxy = CE6663EB2BE35AE900514E86 /* PBXContainerItemProxy */;
		};
/* End PBXTargetDependency section */

/* Begin PBXVariantGroup section */
		CE6663D82BE35AE900514E86 /* LaunchScreen.storyboard */ = {
			isa = PBXVariantGroup;
			children = (
				CE6663D92BE35AE900514E86 /* Base */,
			);
			name = LaunchScreen.storyboard;
			sourceTree = "<group>";
		};
/* End PBXVariantGroup section */

/* Begin XCBuildConfiguration section */
		CE6663F22BE35AE900514E86 /* Debug */ = {
			isa = XCBuildConfiguration;
			buildSettings = {
				ALWAYS_SEARCH_USER_PATHS = NO;
				ASSETCATALOG_COMPILER_GENERATE_SWIFT_ASSET_SYMBOL_EXTENSIONS = YES;
				CLANG_ANALYZER_NONNULL = YES;
				CLANG_ANALYZER_NUMBER_OBJECT_CONVERSION = YES_AGGRESSIVE;
				CLANG_CXX_LANGUAGE_STANDARD = "gnu++20";
				CLANG_ENABLE_MODULES = YES;
				CLANG_ENABLE_OBJC_ARC = YES;
				CLANG_ENABLE_OBJC_WEAK = YES;
				CLANG_WARN_BLOCK_CAPTURE_AUTORELEASING = YES;
				CLANG_WARN_BOOL_CONVERSION = YES;
				CLANG_WARN_COMMA = YES;
				CLANG_WARN_CONSTANT_CONVERSION = YES;
				CLANG_WARN_DEPRECATED_OBJC_IMPLEMENTATIONS = YES;
				CLANG_WARN_DIRECT_OBJC_ISA_USAGE = YES_ERROR;
				CLANG_WARN_DOCUMENTATION_COMMENTS = YES;
				CLANG_WARN_EMPTY_BODY = YES;
				CLANG_WARN_ENUM_CONVERSION = YES;
				CLANG_WARN_INFINITE_RECURSION = YES;
				CLANG_WARN_INT_CONVERSION = YES;
				CLANG_WARN_NON_LITERAL_NULL_CONVERSION = YES;
				CLANG_WARN_OBJC_IMPLICIT_RETAIN_SELF = YES;
				CLANG_WARN_OBJC_LITERAL_CONVERSION = YES;
				CLANG_WARN_OBJC_ROOT_CLASS = YES_ERROR;
				CLANG_WARN_QUOTED_INCLUDE_IN_FRAMEWORK_HEADER = YES;
				CLANG_WARN_RANGE_LOOP_ANALYSIS = YES;
				CLANG_WARN_STRICT_PROTOTYPES = YES;
				CLANG_WARN_SUSPICIOUS_MOVE = YES;
				CLANG_WARN_UNGUARDED_AVAILABILITY = YES_AGGRESSIVE;
				CLANG_WARN_UNREACHABLE_CODE = YES;
				CLANG_WARN__DUPLICATE_METHOD_MATCH = YES;
				COPY_PHASE_STRIP = NO;
				DEBUG_INFORMATION_FORMAT = dwarf;
				ENABLE_STRICT_OBJC_MSGSEND = YES;
				ENABLE_TESTABILITY = YES;
				ENABLE_USER_SCRIPT_SANDBOXING = YES;
				GCC_C_LANGUAGE_STANDARD = gnu17;
				GCC_DYNAMIC_NO_PIC = NO;
				GCC_NO_COMMON_BLOCKS = YES;
				GCC_OPTIMIZATION_LEVEL = 0;
				GCC_PREPROCESSOR_DEFINITIONS = (
					"DEBUG=1",
					"$(inherited)",
				);
				GCC_WARN_64_TO_32_BIT_CONVERSION = YES;
				GCC_WARN_ABOUT_RETURN_TYPE = YES_ERROR;
				GCC_WARN_UNDECLARED_SELECTOR = YES;
				GCC_WARN_UNINITIALIZED_AUTOS = YES_AGGRESSIVE;
				GCC_WARN_UNUSED_FUNCTION = YES;
				GCC_WARN_UNUSED_VARIABLE = YES;
				IPHONEOS_DEPLOYMENT_TARGET = 15.0;
				LOCALIZATION_PREFERS_STRING_CATALOGS = YES;
				MTL_ENABLE_DEBUG_INFO = INCLUDE_SOURCE;
				MTL_FAST_MATH = YES;
				ONLY_ACTIVE_ARCH = YES;
				SDKROOT = iphoneos;
				SWIFT_ACTIVE_COMPILATION_CONDITIONS = "DEBUG $(inherited)";
				SWIFT_OPTIMIZATION_LEVEL = "-Onone";
			};
			name = Debug;
		};
		CE6663F32BE35AE900514E86 /* Release */ = {
			isa = XCBuildConfiguration;
			buildSettings = {
				ALWAYS_SEARCH_USER_PATHS = NO;
				ASSETCATALOG_COMPILER_GENERATE_SWIFT_ASSET_SYMBOL_EXTENSIONS = YES;
				CLANG_ANALYZER_NONNULL = YES;
				CLANG_ANALYZER_NUMBER_OBJECT_CONVERSION = YES_AGGRESSIVE;
				CLANG_CXX_LANGUAGE_STANDARD = "gnu++20";
				CLANG_ENABLE_MODULES = YES;
				CLANG_ENABLE_OBJC_ARC = YES;
				CLANG_ENABLE_OBJC_WEAK = YES;
				CLANG_WARN_BLOCK_CAPTURE_AUTORELEASING = YES;
				CLANG_WARN_BOOL_CONVERSION = YES;
				CLANG_WARN_COMMA = YES;
				CLANG_WARN_CONSTANT_CONVERSION = YES;
				CLANG_WARN_DEPRECATED_OBJC_IMPLEMENTATIONS = YES;
				CLANG_WARN_DIRECT_OBJC_ISA_USAGE = YES_ERROR;
				CLANG_WARN_DOCUMENTATION_COMMENTS = YES;
				CLANG_WARN_EMPTY_BODY = YES;
				CLANG_WARN_ENUM_CONVERSION = YES;
				CLANG_WARN_INFINITE_RECURSION = YES;
				CLANG_WARN_INT_CONVERSION = YES;
				CLANG_WARN_NON_LITERAL_NULL_CONVERSION = YES;
				CLANG_WARN_OBJC_IMPLICIT_RETAIN_SELF = YES;
				CLANG_WARN_OBJC_LITERAL_CONVERSION = YES;
				CLANG_WARN_OBJC_ROOT_CLASS = YES_ERROR;
				CLANG_WARN_QUOTED_INCLUDE_IN_FRAMEWORK_HEADER = YES;
				CLANG_WARN_RANGE_LOOP_ANALYSIS = YES;
				CLANG_WARN_STRICT_PROTOTYPES = YES;
				CLANG_WARN_SUSPICIOUS_MOVE = YES;
				CLANG_WARN_UNGUARDED_AVAILABILITY = YES_AGGRESSIVE;
				CLANG_WARN_UNREACHABLE_CODE = YES;
				CLANG_WARN__DUPLICATE_METHOD_MATCH = YES;
				COPY_PHASE_STRIP = NO;
				DEBUG_INFORMATION_FORMAT = "dwarf-with-dsym";
				ENABLE_NS_ASSERTIONS = NO;
				ENABLE_STRICT_OBJC_MSGSEND = YES;
				ENABLE_USER_SCRIPT_SANDBOXING = YES;
				GCC_C_LANGUAGE_STANDARD = gnu17;
				GCC_NO_COMMON_BLOCKS = YES;
				GCC_WARN_64_TO_32_BIT_CONVERSION = YES;
				GCC_WARN_ABOUT_RETURN_TYPE = YES_ERROR;
				GCC_WARN_UNDECLARED_SELECTOR = YES;
				GCC_WARN_UNINITIALIZED_AUTOS = YES_AGGRESSIVE;
				GCC_WARN_UNUSED_FUNCTION = YES;
				GCC_WARN_UNUSED_VARIABLE = YES;
				IPHONEOS_DEPLOYMENT_TARGET = 15.0;
				LOCALIZATION_PREFERS_STRING_CATALOGS = YES;
				MTL_ENABLE_DEBUG_INFO = NO;
				MTL_FAST_MATH = YES;
				SDKROOT = iphoneos;
				SWIFT_COMPILATION_MODE = wholemodule;
				VALIDATE_PRODUCT = YES;
			};
			name = Release;
		};
		CE6663F52BE35AE900514E86 /* Debug */ = {
			isa = XCBuildConfiguration;
			buildSettings = {
				ASSETCATALOG_COMPILER_APPICON_NAME = AppIcon;
				ASSETCATALOG_COMPILER_GLOBAL_ACCENT_COLOR_NAME = AccentColor;
				CODE_SIGN_STYLE = Automatic;
				CURRENT_PROJECT_VERSION = 1;
				DEVELOPMENT_TEAM = MB5LS6SHA3;
				GENERATE_INFOPLIST_FILE = YES;
				INFOPLIST_FILE = AbolArchitecture/Resources/Info.plist;
				INFOPLIST_KEY_UIApplicationSupportsIndirectInputEvents = YES;
				INFOPLIST_KEY_UILaunchStoryboardName = LaunchScreen;
				INFOPLIST_KEY_UISupportedInterfaceOrientations_iPad = "UIInterfaceOrientationPortrait UIInterfaceOrientationPortraitUpsideDown UIInterfaceOrientationLandscapeLeft UIInterfaceOrientationLandscapeRight";
				INFOPLIST_KEY_UISupportedInterfaceOrientations_iPhone = "UIInterfaceOrientationPortrait UIInterfaceOrientationLandscapeLeft UIInterfaceOrientationLandscapeRight";
				LD_RUNPATH_SEARCH_PATHS = (
					"$(inherited)",
					"@executable_path/Frameworks",
				);
				MARKETING_VERSION = 1.0;
				PRODUCT_BUNDLE_IDENTIFIER = IOSTems.Architecture;
				PRODUCT_NAME = "$(TARGET_NAME)";
				SWIFT_EMIT_LOC_STRINGS = YES;
				SWIFT_VERSION = 5.0;
				TARGETED_DEVICE_FAMILY = "1,2";
			};
			name = Debug;
		};
		CE6663F62BE35AE900514E86 /* Release */ = {
			isa = XCBuildConfiguration;
			buildSettings = {
				ASSETCATALOG_COMPILER_APPICON_NAME = AppIcon;
				ASSETCATALOG_COMPILER_GLOBAL_ACCENT_COLOR_NAME = AccentColor;
				CODE_SIGN_STYLE = Automatic;
				CURRENT_PROJECT_VERSION = 1;
				DEVELOPMENT_TEAM = MB5LS6SHA3;
				GENERATE_INFOPLIST_FILE = YES;
				INFOPLIST_FILE = AbolArchitecture/Resources/Info.plist;
				INFOPLIST_KEY_UIApplicationSupportsIndirectInputEvents = YES;
				INFOPLIST_KEY_UILaunchStoryboardName = LaunchScreen;
				INFOPLIST_KEY_UISupportedInterfaceOrientations_iPad = "UIInterfaceOrientationPortrait UIInterfaceOrientationPortraitUpsideDown UIInterfaceOrientationLandscapeLeft UIInterfaceOrientationLandscapeRight";
				INFOPLIST_KEY_UISupportedInterfaceOrientations_iPhone = "UIInterfaceOrientationPortrait UIInterfaceOrientationLandscapeLeft UIInterfaceOrientationLandscapeRight";
				LD_RUNPATH_SEARCH_PATHS = (
					"$(inherited)",
					"@executable_path/Frameworks",
				);
				MARKETING_VERSION = 1.0;
				PRODUCT_BUNDLE_IDENTIFIER = IOSTems.Architecture;
				PRODUCT_NAME = "$(TARGET_NAME)";
				SWIFT_EMIT_LOC_STRINGS = YES;
				SWIFT_VERSION = 5.0;
				TARGETED_DEVICE_FAMILY = "1,2";
			};
			name = Release;
		};
		CE6663F82BE35AE900514E86 /* Debug */ = {
			isa = XCBuildConfiguration;
			buildSettings = {
				ALWAYS_EMBED_SWIFT_STANDARD_LIBRARIES = YES;
				BUNDLE_LOADER = "$(TEST_HOST)";
				CODE_SIGN_STYLE = Automatic;
				CURRENT_PROJECT_VERSION = 1;
				DEVELOPMENT_TEAM = MB5LS6SHA3;
				GENERATE_INFOPLIST_FILE = YES;
				IPHONEOS_DEPLOYMENT_TARGET = 17.4;
				MARKETING_VERSION = 1.0;
				PRODUCT_BUNDLE_IDENTIFIER = IOSTems.ArchitectureTests;
				PRODUCT_NAME = "$(TARGET_NAME)";
				SWIFT_EMIT_LOC_STRINGS = NO;
				SWIFT_VERSION = 5.0;
				TARGETED_DEVICE_FAMILY = "1,2";
				TEST_HOST = "$(BUILT_PRODUCTS_DIR)/AbolArchitecture.app/$(BUNDLE_EXECUTABLE_FOLDER_PATH)/AbolArchitecture";
			};
			name = Debug;
		};
		CE6663F92BE35AE900514E86 /* Release */ = {
			isa = XCBuildConfiguration;
			buildSettings = {
				ALWAYS_EMBED_SWIFT_STANDARD_LIBRARIES = YES;
				BUNDLE_LOADER = "$(TEST_HOST)";
				CODE_SIGN_STYLE = Automatic;
				CURRENT_PROJECT_VERSION = 1;
				DEVELOPMENT_TEAM = MB5LS6SHA3;
				GENERATE_INFOPLIST_FILE = YES;
				IPHONEOS_DEPLOYMENT_TARGET = 17.4;
				MARKETING_VERSION = 1.0;
				PRODUCT_BUNDLE_IDENTIFIER = IOSTems.ArchitectureTests;
				PRODUCT_NAME = "$(TARGET_NAME)";
				SWIFT_EMIT_LOC_STRINGS = NO;
				SWIFT_VERSION = 5.0;
				TARGETED_DEVICE_FAMILY = "1,2";
				TEST_HOST = "$(BUILT_PRODUCTS_DIR)/AbolArchitecture.app/$(BUNDLE_EXECUTABLE_FOLDER_PATH)/AbolArchitecture";
			};
			name = Release;
		};
		CE6663FB2BE35AE900514E86 /* Debug */ = {
			isa = XCBuildConfiguration;
			buildSettings = {
				ALWAYS_EMBED_SWIFT_STANDARD_LIBRARIES = YES;
				CODE_SIGN_STYLE = Automatic;
				CURRENT_PROJECT_VERSION = 1;
				DEVELOPMENT_TEAM = MB5LS6SHA3;
				GENERATE_INFOPLIST_FILE = YES;
				MARKETING_VERSION = 1.0;
				PRODUCT_BUNDLE_IDENTIFIER = IOSTems.ArchitectureUITests;
				PRODUCT_NAME = "$(TARGET_NAME)";
				SWIFT_EMIT_LOC_STRINGS = NO;
				SWIFT_VERSION = 5.0;
				TARGETED_DEVICE_FAMILY = "1,2";
				TEST_TARGET_NAME = Architecture;
			};
			name = Debug;
		};
		CE6663FC2BE35AE900514E86 /* Release */ = {
			isa = XCBuildConfiguration;
			buildSettings = {
				ALWAYS_EMBED_SWIFT_STANDARD_LIBRARIES = YES;
				CODE_SIGN_STYLE = Automatic;
				CURRENT_PROJECT_VERSION = 1;
				DEVELOPMENT_TEAM = MB5LS6SHA3;
				GENERATE_INFOPLIST_FILE = YES;
				MARKETING_VERSION = 1.0;
				PRODUCT_BUNDLE_IDENTIFIER = IOSTems.ArchitectureUITests;
				PRODUCT_NAME = "$(TARGET_NAME)";
				SWIFT_EMIT_LOC_STRINGS = NO;
				SWIFT_VERSION = 5.0;
				TARGETED_DEVICE_FAMILY = "1,2";
				TEST_TARGET_NAME = Architecture;
			};
			name = Release;
		};
/* End XCBuildConfiguration section */

/* Begin XCConfigurationList section */
		CE6663C52BE35AE700514E86 /* Build configuration list for PBXProject "AbolArchitecture" */ = {
			isa = XCConfigurationList;
			buildConfigurations = (
				CE6663F22BE35AE900514E86 /* Debug */,
				CE6663F32BE35AE900514E86 /* Release */,
			);
			defaultConfigurationIsVisible = 0;
			defaultConfigurationName = Release;
		};
		CE6663F42BE35AE900514E86 /* Build configuration list for PBXNativeTarget "AbolArchitecture" */ = {
			isa = XCConfigurationList;
			buildConfigurations = (
				CE6663F52BE35AE900514E86 /* Debug */,
				CE6663F62BE35AE900514E86 /* Release */,
			);
			defaultConfigurationIsVisible = 0;
			defaultConfigurationName = Release;
		};
		CE6663F72BE35AE900514E86 /* Build configuration list for PBXNativeTarget "AbolArchitectureTests" */ = {
			isa = XCConfigurationList;
			buildConfigurations = (
				CE6663F82BE35AE900514E86 /* Debug */,
				CE6663F92BE35AE900514E86 /* Release */,
			);
			defaultConfigurationIsVisible = 0;
			defaultConfigurationName = Release;
		};
		CE6663FA2BE35AE900514E86 /* Build configuration list for PBXNativeTarget "AbolArchitectureUITests" */ = {
			isa = XCConfigurationList;
			buildConfigurations = (
				CE6663FB2BE35AE900514E86 /* Debug */,
				CE6663FC2BE35AE900514E86 /* Release */,
			);
			defaultConfigurationIsVisible = 0;
			defaultConfigurationName = Release;
		};
/* End XCConfigurationList section */

/* Begin XCRemoteSwiftPackageReference section */
		348C537C2C73980600ACEA5C /* XCRemoteSwiftPackageReference "ios-resources-bottom-sheet" */ = {
			isa = XCRemoteSwiftPackageReference;
			repositoryURL = "https://gitlab.akbars.tech/abo/ios-resources-bottom-sheet";
			requirement = {
				kind = upToNextMajorVersion;
				minimumVersion = 13.0.0;
			};
		};
		348C537F2C73982100ACEA5C /* XCRemoteSwiftPackageReference "Resolver" */ = {
			isa = XCRemoteSwiftPackageReference;
			repositoryURL = "https://github.com/hmlongco/Resolver";
			requirement = {
				kind = upToNextMajorVersion;
				minimumVersion = 1.5.1;
			};
		};
		348C53822C73983000ACEA5C /* XCRemoteSwiftPackageReference "ios-service-routing" */ = {
			isa = XCRemoteSwiftPackageReference;
			repositoryURL = "https://gitlab.akbars.tech/abo/ios-service-routing";
			requirement = {
				kind = upToNextMajorVersion;
				minimumVersion = 0.0.2;
			};
		};
/* End XCRemoteSwiftPackageReference section */

/* Begin XCSwiftPackageProductDependency section */
		348C537D2C73980600ACEA5C /* BottomSheetService */ = {
			isa = XCSwiftPackageProductDependency;
			package = 348C537C2C73980600ACEA5C /* XCRemoteSwiftPackageReference "ios-resources-bottom-sheet" */;
			productName = BottomSheetService;
		};
		348C53802C73982100ACEA5C /* Resolver */ = {
			isa = XCSwiftPackageProductDependency;
			package = 348C537F2C73982100ACEA5C /* XCRemoteSwiftPackageReference "Resolver" */;
			productName = Resolver;
		};
		348C53832C73983000ACEA5C /* Router */ = {
			isa = XCSwiftPackageProductDependency;
			package = 348C53822C73983000ACEA5C /* XCRemoteSwiftPackageReference "ios-service-routing" */;
			productName = Router;
		};
		CE1CE7152C086B87006F6468 /* Architecture */ = {
			isa = XCSwiftPackageProductDependency;
			productName = Architecture;
		};
		CE45936B2BE8FE940031FB59 /* Router */ = {
			isa = XCSwiftPackageProductDependency;
			productName = Router;
		};
		CE668F8D2BEB585800827E64 /* Architecture */ = {
			isa = XCSwiftPackageProductDependency;
			productName = Architecture;
		};
/* End XCSwiftPackageProductDependency section */
	};
	rootObject = CE6663C22BE35AE700514E86 /* Project object */;
}
